// !$*UTF8*$!
{
	archiveVersion = 1;
	classes = {
	};
	objectVersion = 55;
	objects = {

/* Begin PBXBuildFile section */
		4C022A372858EE2B0043E49D /* ProfilePhotoScreen.swift in Sources */ = {isa = PBXBuildFile; fileRef = 4C022A362858EE2B0043E49D /* ProfilePhotoScreen.swift */; };
		4C022A392858EE510043E49D /* PhotoEditingScreen.swift in Sources */ = {isa = PBXBuildFile; fileRef = 4C022A382858EE510043E49D /* PhotoEditingScreen.swift */; };
		4C022A3B285903530043E49D /* HorisontalPhotoListView.swift in Sources */ = {isa = PBXBuildFile; fileRef = 4C022A3A285903530043E49D /* HorisontalPhotoListView.swift */; };
		4C022A3F28590B8C0043E49D /* ImagePicker.swift in Sources */ = {isa = PBXBuildFile; fileRef = 4C022A3E28590B8C0043E49D /* ImagePicker.swift */; };
		4C022A4128590BE10043E49D /* Media.swift in Sources */ = {isa = PBXBuildFile; fileRef = 4C022A4028590BE10043E49D /* Media.swift */; };
		4C022A4328591A2B0043E49D /* BluredImageHeaderView.swift in Sources */ = {isa = PBXBuildFile; fileRef = 4C022A4228591A2B0043E49D /* BluredImageHeaderView.swift */; };
		4C022A45285A38920043E49D /* SwichSelectorView.swift in Sources */ = {isa = PBXBuildFile; fileRef = 4C022A44285A38920043E49D /* SwichSelectorView.swift */; };
		4C022A48285A409E0043E49D /* SwitchButtonView.swift in Sources */ = {isa = PBXBuildFile; fileRef = 4C022A47285A409E0043E49D /* SwitchButtonView.swift */; };
		4C022A4B285A470B0043E49D /* PhotoSettingsBottomSheet.swift in Sources */ = {isa = PBXBuildFile; fileRef = 4C022A4A285A470B0043E49D /* PhotoSettingsBottomSheet.swift */; };
		4C022A4D285B7E470043E49D /* PhotoEditorMediator.swift in Sources */ = {isa = PBXBuildFile; fileRef = 4C022A4C285B7E470043E49D /* PhotoEditorMediator.swift */; };
		4C022A51285F0AF10043E49D /* EdiorView.swift in Sources */ = {isa = PBXBuildFile; fileRef = 4C022A50285F0AF00043E49D /* EdiorView.swift */; };
		4C022A54285F90CC0043E49D /* PhotoViewer.swift in Sources */ = {isa = PBXBuildFile; fileRef = 4C022A53285F90CC0043E49D /* PhotoViewer.swift */; };
		4C022A562864D3370043E49D /* NotCorrectPhotoBottomSheet.swift in Sources */ = {isa = PBXBuildFile; fileRef = 4C022A552864D3370043E49D /* NotCorrectPhotoBottomSheet.swift */; };
		4C0E71DF284FAAF3004099D4 /* SansPro_bold.otf in Resources */ = {isa = PBXBuildFile; fileRef = 4C0E71DC284FAAF3004099D4 /* SansPro_bold.otf */; };
		4C0E71E0284FAAF3004099D4 /* SansPro_italic.otf in Resources */ = {isa = PBXBuildFile; fileRef = 4C0E71DD284FAAF3004099D4 /* SansPro_italic.otf */; };
		4C0E71E1284FAAF3004099D4 /* SansPro_regular.otf in Resources */ = {isa = PBXBuildFile; fileRef = 4C0E71DE284FAAF3004099D4 /* SansPro_regular.otf */; };
		4C0E71E6284FB14A004099D4 /* Localizable.strings in Resources */ = {isa = PBXBuildFile; fileRef = 4C0E71E8284FB14A004099D4 /* Localizable.strings */; };
		4C0E71ED284FB68E004099D4 /* CirclePointButton.swift in Sources */ = {isa = PBXBuildFile; fileRef = 4C0E71EC284FB68E004099D4 /* CirclePointButton.swift */; };
		4C0E71EF284FC394004099D4 /* CircleImageButton.swift in Sources */ = {isa = PBXBuildFile; fileRef = 4C0E71EE284FC394004099D4 /* CircleImageButton.swift */; };
		4C0E71F1284FC9A6004099D4 /* OnboardSecondScreen.swift in Sources */ = {isa = PBXBuildFile; fileRef = 4C0E71F0284FC9A5004099D4 /* OnboardSecondScreen.swift */; };
		4C0E71F3284FCE7C004099D4 /* BackButton.swift in Sources */ = {isa = PBXBuildFile; fileRef = 4C0E71F2284FCE7C004099D4 /* BackButton.swift */; };
		4C1458F028547DE600558B6B /* BaseBottomSheet.swift in Sources */ = {isa = PBXBuildFile; fileRef = 4C1458EF28547DE600558B6B /* BaseBottomSheet.swift */; };
		4C1458F32855222A00558B6B /* GnderListItem.swift in Sources */ = {isa = PBXBuildFile; fileRef = 4C1458F22855222A00558B6B /* GnderListItem.swift */; };
		4C1458F528552BE500558B6B /* RegistrationMediator.swift in Sources */ = {isa = PBXBuildFile; fileRef = 4C1458F428552BE500558B6B /* RegistrationMediator.swift */; };
		4C1458F72855C8E900558B6B /* DateSelectView.swift in Sources */ = {isa = PBXBuildFile; fileRef = 4C1458F62855C8E900558B6B /* DateSelectView.swift */; };
		4C1458FA2855E17100558B6B /* BaseOTPScreen.swift in Sources */ = {isa = PBXBuildFile; fileRef = 4C1458F92855E17100558B6B /* BaseOTPScreen.swift */; };
		4C1458FD285661BF00558B6B /* PassRecoveryScreen.swift in Sources */ = {isa = PBXBuildFile; fileRef = 4C1458FC285661BF00558B6B /* PassRecoveryScreen.swift */; };
		4C1458FF285661EA00558B6B /* PassRecoveryOTPScreen.swift in Sources */ = {isa = PBXBuildFile; fileRef = 4C1458FE285661EA00558B6B /* PassRecoveryOTPScreen.swift */; };
		4C1459012856620300558B6B /* PassRecoverySetNewScreen.swift in Sources */ = {isa = PBXBuildFile; fileRef = 4C1459002856620300558B6B /* PassRecoverySetNewScreen.swift */; };
		4C1459032856627E00558B6B /* GeolocationScreen.swift in Sources */ = {isa = PBXBuildFile; fileRef = 4C1459022856627E00558B6B /* GeolocationScreen.swift */; };
		4C145905285664AA00558B6B /* RecoveryMediator.swift in Sources */ = {isa = PBXBuildFile; fileRef = 4C145904285664AA00558B6B /* RecoveryMediator.swift */; };
		4C1459072857926700558B6B /* SplashScreen.storyboard in Resources */ = {isa = PBXBuildFile; fileRef = 4C1459062857926700558B6B /* SplashScreen.storyboard */; };
		4C1B7C1F286A3477000DB5D4 /* SingleSelectInfoView.swift in Sources */ = {isa = PBXBuildFile; fileRef = 4C1B7C1E286A3477000DB5D4 /* SingleSelectInfoView.swift */; };
		4C1B7C21286B51F8000DB5D4 /* PercentView.swift in Sources */ = {isa = PBXBuildFile; fileRef = 4C1B7C20286B51F8000DB5D4 /* PercentView.swift */; };
		4C1B7C24286B67CF000DB5D4 /* QuestionnaireSingleSelectBottomSheet.swift in Sources */ = {isa = PBXBuildFile; fileRef = 4C1B7C23286B67CF000DB5D4 /* QuestionnaireSingleSelectBottomSheet.swift */; };
		4C1B7C26286B6AFF000DB5D4 /* AnsferItemView.swift in Sources */ = {isa = PBXBuildFile; fileRef = 4C1B7C25286B6AFF000DB5D4 /* AnsferItemView.swift */; };
		4C1B7C28286B6D48000DB5D4 /* SingleSelectMediator.swift in Sources */ = {isa = PBXBuildFile; fileRef = 4C1B7C27286B6D48000DB5D4 /* SingleSelectMediator.swift */; };
		4C1B7C2C286CD5BD000DB5D4 /* QuestionnaireSeekBarBottomSheet.swift in Sources */ = {isa = PBXBuildFile; fileRef = 4C1B7C2B286CD5BD000DB5D4 /* QuestionnaireSeekBarBottomSheet.swift */; };
		4C1B7C2F286CD8C4000DB5D4 /* SeekBarView.swift in Sources */ = {isa = PBXBuildFile; fileRef = 4C1B7C2E286CD8C4000DB5D4 /* SeekBarView.swift */; };
		4C1B7C31286CD8D7000DB5D4 /* SeekBarButtonView.swift in Sources */ = {isa = PBXBuildFile; fileRef = 4C1B7C30286CD8D7000DB5D4 /* SeekBarButtonView.swift */; };
		4C3D27B9285110FA00F8FD09 /* StandardButton.swift in Sources */ = {isa = PBXBuildFile; fileRef = 4C3D27B8285110F800F8FD09 /* StandardButton.swift */; };
		4C3D27BC28511BB700F8FD09 /* Title.swift in Sources */ = {isa = PBXBuildFile; fileRef = 4C3D27BB28511BB600F8FD09 /* Title.swift */; };
		4C3D27BE28511DCA00F8FD09 /* HeaderText.swift in Sources */ = {isa = PBXBuildFile; fileRef = 4C3D27BD28511DCA00F8FD09 /* HeaderText.swift */; };
		4C3D27C0285120FC00F8FD09 /* SocialView.swift in Sources */ = {isa = PBXBuildFile; fileRef = 4C3D27BF285120FC00F8FD09 /* SocialView.swift */; };
		4C3D27C3285244F700F8FD09 /* StandardInputView.swift in Sources */ = {isa = PBXBuildFile; fileRef = 4C3D27C2285244F700F8FD09 /* StandardInputView.swift */; };
		4C3D27C528526FA100F8FD09 /* PasswordInputView.swift in Sources */ = {isa = PBXBuildFile; fileRef = 4C3D27C428526FA100F8FD09 /* PasswordInputView.swift */; };
		4C3D27C72852792000F8FD09 /* SecondStylesTextButton.swift in Sources */ = {isa = PBXBuildFile; fileRef = 4C3D27C62852792000F8FD09 /* SecondStylesTextButton.swift */; };
		4C3D27CA28539C3500F8FD09 /* RegistrationStartScreen.swift in Sources */ = {isa = PBXBuildFile; fileRef = 4C3D27C928539C3500F8FD09 /* RegistrationStartScreen.swift */; };
		4C3D27CC28539C8800F8FD09 /* RegistrationContinueScreen.swift in Sources */ = {isa = PBXBuildFile; fileRef = 4C3D27CB28539C8800F8FD09 /* RegistrationContinueScreen.swift */; };
		4C3D27CE28539CD300F8FD09 /* RegistrationOtpScreen.swift in Sources */ = {isa = PBXBuildFile; fileRef = 4C3D27CD28539CD300F8FD09 /* RegistrationOtpScreen.swift */; };
		4C3D27D02853A37F00F8FD09 /* BottomSheetList.swift in Sources */ = {isa = PBXBuildFile; fileRef = 4C3D27CF2853A37F00F8FD09 /* BottomSheetList.swift */; };
		4C3D27D32853A66A00F8FD09 /* GenderBottomSheet.swift in Sources */ = {isa = PBXBuildFile; fileRef = 4C3D27D22853A66A00F8FD09 /* GenderBottomSheet.swift */; };
		4C3D27D52853B0B500F8FD09 /* InfoView.swift in Sources */ = {isa = PBXBuildFile; fileRef = 4C3D27D42853B0B500F8FD09 /* InfoView.swift */; };
		4C5C86AE28715A13006DE024 /* BaseBotomSheetMediator.swift in Sources */ = {isa = PBXBuildFile; fileRef = 4C5C86AD28715A12006DE024 /* BaseBotomSheetMediator.swift */; };
		4C5C86B228717200006DE024 /* RangeSelectView.swift in Sources */ = {isa = PBXBuildFile; fileRef = 4C5C86B1287171FF006DE024 /* RangeSelectView.swift */; };
		4C5C86B5287174DD006DE024 /* RangeBarView.swift in Sources */ = {isa = PBXBuildFile; fileRef = 4C5C86B4287174DD006DE024 /* RangeBarView.swift */; };
		4C5C86B728719F2D006DE024 /* QuestionnaireSearchBotomSheet.swift in Sources */ = {isa = PBXBuildFile; fileRef = 4C5C86B628719F2D006DE024 /* QuestionnaireSearchBotomSheet.swift */; };
		4C5C86BA2871A36B006DE024 /* SearchInputView.swift in Sources */ = {isa = PBXBuildFile; fileRef = 4C5C86B92871A36B006DE024 /* SearchInputView.swift */; };
		4C5C86BC2871A5B4006DE024 /* CitySearchMediator.swift in Sources */ = {isa = PBXBuildFile; fileRef = 4C5C86BB2871A5B4006DE024 /* CitySearchMediator.swift */; };
		4C5C86BE287202A4006DE024 /* QuestionnaireMultySelectBottomSheet.swift in Sources */ = {isa = PBXBuildFile; fileRef = 4C5C86BD287202A4006DE024 /* QuestionnaireMultySelectBottomSheet.swift */; };
		4C5C86C0287203B2006DE024 /* MultySelectView.swift in Sources */ = {isa = PBXBuildFile; fileRef = 4C5C86BF287203B2006DE024 /* MultySelectView.swift */; };
		4C5C86C2287336FD006DE024 /* MultySelectMediator.swift in Sources */ = {isa = PBXBuildFile; fileRef = 4C5C86C1287336FC006DE024 /* MultySelectMediator.swift */; };
		4C5C86C528734CE3006DE024 /* ConfirmationInfoView.swift in Sources */ = {isa = PBXBuildFile; fileRef = 4C5C86C428734CE3006DE024 /* ConfirmationInfoView.swift */; };
		4C5C86C728734EC8006DE024 /* ConfirmationView.swift in Sources */ = {isa = PBXBuildFile; fileRef = 4C5C86C628734EC8006DE024 /* ConfirmationView.swift */; };
		4C5C86CA287359A5006DE024 /* CoreApiTypes.swift in Sources */ = {isa = PBXBuildFile; fileRef = 4C5C86C9287359A5006DE024 /* CoreApiTypes.swift */; };
		4C5C86CE28735EC5006DE024 /* CoreApiService.swift in Sources */ = {isa = PBXBuildFile; fileRef = 4C5C86CD28735EC5006DE024 /* CoreApiService.swift */; };
		4C5C86D128749CE4006DE024 /* RequestModels.swift in Sources */ = {isa = PBXBuildFile; fileRef = 4C5C86D028749CE3006DE024 /* RequestModels.swift */; };
		4C5C86D42874A546006DE024 /* AuthResponse.swift in Sources */ = {isa = PBXBuildFile; fileRef = 4C5C86D32874A546006DE024 /* AuthResponse.swift */; };
		4C5C86D62874A602006DE024 /* UserDataHolder.swift in Sources */ = {isa = PBXBuildFile; fileRef = 4C5C86D52874A602006DE024 /* UserDataHolder.swift */; };
		4C5C86DA2874AA5B006DE024 /* StringUtils.swift in Sources */ = {isa = PBXBuildFile; fileRef = 4C5C86D92874AA5B006DE024 /* StringUtils.swift */; };
		4C5C86DD2874B18D006DE024 /* AuthMediator.swift in Sources */ = {isa = PBXBuildFile; fileRef = 4C5C86DC2874B18D006DE024 /* AuthMediator.swift */; };
		4C5C86DF2874C033006DE024 /* BaseResponse.swift in Sources */ = {isa = PBXBuildFile; fileRef = 4C5C86DE2874C033006DE024 /* BaseResponse.swift */; };
		4C5C86E128758F0E006DE024 /* FaceDetectorUtil.swift in Sources */ = {isa = PBXBuildFile; fileRef = 4C5C86E028758F0E006DE024 /* FaceDetectorUtil.swift */; };
		4C5C86E32875DF43006DE024 /* ImageUtils.swift in Sources */ = {isa = PBXBuildFile; fileRef = 4C5C86E22875DF43006DE024 /* ImageUtils.swift */; };
		4C5C86E52875E20D006DE024 /* ImagesApiService.swift in Sources */ = {isa = PBXBuildFile; fileRef = 4C5C86E42875E20D006DE024 /* ImagesApiService.swift */; };
		4C5C86E82875FB57006DE024 /* AsyncImageView.swift in Sources */ = {isa = PBXBuildFile; fileRef = 4C5C86E72875FB56006DE024 /* AsyncImageView.swift */; };
		4C5C86EA2875FCC0006DE024 /* ImageLoader.swift in Sources */ = {isa = PBXBuildFile; fileRef = 4C5C86E92875FCC0006DE024 /* ImageLoader.swift */; };
		4C8E7D81284CC93F00D6E58D /* BestDateApp.swift in Sources */ = {isa = PBXBuildFile; fileRef = 4C8E7D80284CC93F00D6E58D /* BestDateApp.swift */; };
		4C8E7D85284CC94900D6E58D /* Assets.xcassets in Resources */ = {isa = PBXBuildFile; fileRef = 4C8E7D84284CC94900D6E58D /* Assets.xcassets */; };
		4C8E7D88284CC94900D6E58D /* Preview Assets.xcassets in Resources */ = {isa = PBXBuildFile; fileRef = 4C8E7D87284CC94900D6E58D /* Preview Assets.xcassets */; };
		4C8E7D90284D1C4000D6E58D /* Font.swift in Sources */ = {isa = PBXBuildFile; fileRef = 4C8E7D8F284D1C4000D6E58D /* Font.swift */; };
		4C8E7D99284D1E7B00D6E58D /* Color.swift in Sources */ = {isa = PBXBuildFile; fileRef = 4C8E7D98284D1E7B00D6E58D /* Color.swift */; };
		4C8E7D9C284D1F0700D6E58D /* ScreenList.swift in Sources */ = {isa = PBXBuildFile; fileRef = 4C8E7D9B284D1F0700D6E58D /* ScreenList.swift */; };
		4C8E7DA2284D222200D6E58D /* Action.swift in Sources */ = {isa = PBXBuildFile; fileRef = 4C8E7DA1284D222200D6E58D /* Action.swift */; };
		4C8E7DA4284D229B00D6E58D /* AppState.swift in Sources */ = {isa = PBXBuildFile; fileRef = 4C8E7DA3284D229B00D6E58D /* AppState.swift */; };
		4C8E7DA6284D233100D6E58D /* Reducer.swift in Sources */ = {isa = PBXBuildFile; fileRef = 4C8E7DA5284D233100D6E58D /* Reducer.swift */; };
		4C8E7DA8284D23D200D6E58D /* Store.swift in Sources */ = {isa = PBXBuildFile; fileRef = 4C8E7DA7284D23D200D6E58D /* Store.swift */; };
		4C8E7DAC284D252300D6E58D /* OnboardStartScreen.swift in Sources */ = {isa = PBXBuildFile; fileRef = 4C8E7DAB284D252300D6E58D /* OnboardStartScreen.swift */; };
		4C950D58284E6194004E2C13 /* Extension.swift in Sources */ = {isa = PBXBuildFile; fileRef = 4C950D57284E6194004E2C13 /* Extension.swift */; };
		4C950D5F284E7318004E2C13 /* AuthScreen.swift in Sources */ = {isa = PBXBuildFile; fileRef = 4C950D5E284E7318004E2C13 /* AuthScreen.swift */; };
		4C950D61284E78E8004E2C13 /* NavigationView.swift in Sources */ = {isa = PBXBuildFile; fileRef = 4C950D60284E78E8004E2C13 /* NavigationView.swift */; };
		4CA2E22B2867224B00E514C4 /* QuestionnaireScreen.swift in Sources */ = {isa = PBXBuildFile; fileRef = 4CA2E22A2867224B00E514C4 /* QuestionnaireScreen.swift */; };
		4CA2E22E2867286000E514C4 /* FillingProgressView.swift in Sources */ = {isa = PBXBuildFile; fileRef = 4CA2E22D2867286000E514C4 /* FillingProgressView.swift */; };
		4CA2E230286728D100E514C4 /* SurprizeBoxView.swift in Sources */ = {isa = PBXBuildFile; fileRef = 4CA2E22F286728D100E514C4 /* SurprizeBoxView.swift */; };
		4CA2E23228672F4100E514C4 /* QuestionnaireMediator.swift in Sources */ = {isa = PBXBuildFile; fileRef = 4CA2E23128672F4100E514C4 /* QuestionnaireMediator.swift */; };
		4CA2E23428673D1A00E514C4 /* ProgressBarView.swift in Sources */ = {isa = PBXBuildFile; fileRef = 4CA2E23328673D1A00E514C4 /* ProgressBarView.swift */; };
		4CA2E2362867647A00E514C4 /* QuestionnairePageContainer.swift in Sources */ = {isa = PBXBuildFile; fileRef = 4CA2E2352867647A00E514C4 /* QuestionnairePageContainer.swift */; };
		4CA2E238286765C100E514C4 /* SelectPageView.swift in Sources */ = {isa = PBXBuildFile; fileRef = 4CA2E237286765C100E514C4 /* SelectPageView.swift */; };
		4CA2E23A286765D900E514C4 /* InputPageView.swift in Sources */ = {isa = PBXBuildFile; fileRef = 4CA2E239286765D900E514C4 /* InputPageView.swift */; };
		4CA2E23D286766EF00E514C4 /* PageHeaderView.swift in Sources */ = {isa = PBXBuildFile; fileRef = 4CA2E23C286766EF00E514C4 /* PageHeaderView.swift */; };
		4CA2E23F28676FA400E514C4 /* PageButtonsView.swift in Sources */ = {isa = PBXBuildFile; fileRef = 4CA2E23E28676FA400E514C4 /* PageButtonsView.swift */; };
		4CB9FF412877437F004F1BF6 /* SearchScreen.swift in Sources */ = {isa = PBXBuildFile; fileRef = 4CB9FF402877437E004F1BF6 /* SearchScreen.swift */; };
		4CB9FF44287743C3004F1BF6 /* MainScreen.swift in Sources */ = {isa = PBXBuildFile; fileRef = 4CB9FF43287743C3004F1BF6 /* MainScreen.swift */; };
		4CB9FF46287743D9004F1BF6 /* MainMediator.swift in Sources */ = {isa = PBXBuildFile; fileRef = 4CB9FF45287743D9004F1BF6 /* MainMediator.swift */; };
		4CB9FF4C287746F9004F1BF6 /* GuestsScreen.swift in Sources */ = {isa = PBXBuildFile; fileRef = 4CB9FF4B287746F9004F1BF6 /* GuestsScreen.swift */; };
		4CB9FF4E28774718004F1BF6 /* TopScreen.swift in Sources */ = {isa = PBXBuildFile; fileRef = 4CB9FF4D28774718004F1BF6 /* TopScreen.swift */; };
		4CB9FF502877472A004F1BF6 /* ChatListScreen.swift in Sources */ = {isa = PBXBuildFile; fileRef = 4CB9FF4F2877472A004F1BF6 /* ChatListScreen.swift */; };
		4CB9FF5228774739004F1BF6 /* MatchesScreen.swift in Sources */ = {isa = PBXBuildFile; fileRef = 4CB9FF5128774739004F1BF6 /* MatchesScreen.swift */; };
		4CB9FF542877477B004F1BF6 /* BottomMainNavigationView.swift in Sources */ = {isa = PBXBuildFile; fileRef = 4CB9FF532877477B004F1BF6 /* BottomMainNavigationView.swift */; };
		4CB9FF572877500A004F1BF6 /* BottomMainNavigationItemView.swift in Sources */ = {isa = PBXBuildFile; fileRef = 4CB9FF562877500A004F1BF6 /* BottomMainNavigationItemView.swift */; };
		4CB9FF5E287AAD7D004F1BF6 /* MainHeaderImage.swift in Sources */ = {isa = PBXBuildFile; fileRef = 4CB9FF5D287AAD7D004F1BF6 /* MainHeaderImage.swift */; };
		4CB9FF60287AE104004F1BF6 /* DropDownView.swift in Sources */ = {isa = PBXBuildFile; fileRef = 4CB9FF5F287AE103004F1BF6 /* DropDownView.swift */; };
		4CB9FF62287AF001004F1BF6 /* SearchMediator.swift in Sources */ = {isa = PBXBuildFile; fileRef = 4CB9FF61287AF001004F1BF6 /* SearchMediator.swift */; };
		4CB9FF64287AF0C8004F1BF6 /* UserSearchItemView.swift in Sources */ = {isa = PBXBuildFile; fileRef = 4CB9FF63287AF0C8004F1BF6 /* UserSearchItemView.swift */; };
		4CB9FF68287B3211004F1BF6 /* MainLocationBottomSheet.swift in Sources */ = {isa = PBXBuildFile; fileRef = 4CB9FF67287B3210004F1BF6 /* MainLocationBottomSheet.swift */; };
		4CB9FF6A287B324C004F1BF6 /* MainOnlineBottomSheet.swift in Sources */ = {isa = PBXBuildFile; fileRef = 4CB9FF69287B324C004F1BF6 /* MainOnlineBottomSheet.swift */; };
		4CB9FF6C287B3417004F1BF6 /* LocationMediator.swift in Sources */ = {isa = PBXBuildFile; fileRef = 4CB9FF6B287B3417004F1BF6 /* LocationMediator.swift */; };
		4CB9FF6E287B3476004F1BF6 /* OnlineMediator.swift in Sources */ = {isa = PBXBuildFile; fileRef = 4CB9FF6D287B3476004F1BF6 /* OnlineMediator.swift */; };
		4CB9FF70287B3582004F1BF6 /* DarkBottomSheetItem.swift in Sources */ = {isa = PBXBuildFile; fileRef = 4CB9FF6F287B3582004F1BF6 /* DarkBottomSheetItem.swift */; };
		4CB9FF72287F4028004F1BF6 /* StartScreen.swift in Sources */ = {isa = PBXBuildFile; fileRef = 4CB9FF71287F4027004F1BF6 /* StartScreen.swift */; };
		4CB9FF7528808B3C004F1BF6 /* Lottie in Frameworks */ = {isa = PBXBuildFile; productRef = 4CB9FF7428808B3C004F1BF6 /* Lottie */; };
		4CB9FF7A28808E01004F1BF6 /* LottieView.swift in Sources */ = {isa = PBXBuildFile; fileRef = 4CB9FF7928808E01004F1BF6 /* LottieView.swift */; };
		4CB9FF84288094C0004F1BF6 /* heart.json in Resources */ = {isa = PBXBuildFile; fileRef = 4CB9FF83288094C0004F1BF6 /* heart.json */; };
		4CB9FF862881DD71004F1BF6 /* ChatApiService.swift in Sources */ = {isa = PBXBuildFile; fileRef = 4CB9FF852881DD71004F1BF6 /* ChatApiService.swift */; };
		4CB9FF882881DDCB004F1BF6 /* NetworkLogger.swift in Sources */ = {isa = PBXBuildFile; fileRef = 4CB9FF872881DDCB004F1BF6 /* NetworkLogger.swift */; };
		4CB9FF8B2882D02D004F1BF6 /* ProfileScreen.swift in Sources */ = {isa = PBXBuildFile; fileRef = 4CB9FF8A2882D02C004F1BF6 /* ProfileScreen.swift */; };
		4CB9FF8D2882D2AF004F1BF6 /* ProfileMediator.swift in Sources */ = {isa = PBXBuildFile; fileRef = 4CB9FF8C2882D2AF004F1BF6 /* ProfileMediator.swift */; };
		4CB9FF8F28832DAF004F1BF6 /* CoinsBoxView.swift in Sources */ = {isa = PBXBuildFile; fileRef = 4CB9FF8E28832DAF004F1BF6 /* CoinsBoxView.swift */; };
		4CB9FF92288331A2004F1BF6 /* ProfilePhotoLineView.swift in Sources */ = {isa = PBXBuildFile; fileRef = 4CB9FF91288331A2004F1BF6 /* ProfilePhotoLineView.swift */; };
		4CB9FF9428833A56004F1BF6 /* DirrectionLineButtonView.swift in Sources */ = {isa = PBXBuildFile; fileRef = 4CB9FF9328833A56004F1BF6 /* DirrectionLineButtonView.swift */; };
		4CB9FF9628834303004F1BF6 /* ImageLineItemView.swift in Sources */ = {isa = PBXBuildFile; fileRef = 4CB9FF9528834303004F1BF6 /* ImageLineItemView.swift */; };
		4CB9FF98288345B7004F1BF6 /* LogoutButtonView.swift in Sources */ = {isa = PBXBuildFile; fileRef = 4CB9FF97288345B7004F1BF6 /* LogoutButtonView.swift */; };
		4CB9FF9A28842457004F1BF6 /* TextButton.swift in Sources */ = {isa = PBXBuildFile; fileRef = 4CB9FF9928842456004F1BF6 /* TextButton.swift */; };
		4CB9FF9D288427DA004F1BF6 /* AnotherProfileScreen.swift in Sources */ = {isa = PBXBuildFile; fileRef = 4CB9FF9C288427DA004F1BF6 /* AnotherProfileScreen.swift */; };
		4CB9FF9F28842D87004F1BF6 /* AnotherProfileMediator.swift in Sources */ = {isa = PBXBuildFile; fileRef = 4CB9FF9E28842D87004F1BF6 /* AnotherProfileMediator.swift */; };
		4CB9FFA128842FC6004F1BF6 /* DateUtils.swift in Sources */ = {isa = PBXBuildFile; fileRef = 4CB9FFA028842FC6004F1BF6 /* DateUtils.swift */; };
		4CB9FFA4288453DB004F1BF6 /* AnotherProfileNavigationPanelView.swift in Sources */ = {isa = PBXBuildFile; fileRef = 4CB9FFA3288453DA004F1BF6 /* AnotherProfileNavigationPanelView.swift */; };
		4CB9FFA62884608E004F1BF6 /* AnotherProfileHeader.swift in Sources */ = {isa = PBXBuildFile; fileRef = 4CB9FFA52884608D004F1BF6 /* AnotherProfileHeader.swift */; };
		4CB9FFA828847808004F1BF6 /* AnotherProfileImageLineView.swift in Sources */ = {isa = PBXBuildFile; fileRef = 4CB9FFA728847808004F1BF6 /* AnotherProfileImageLineView.swift */; };
		4CB9FFAA28847FF4004F1BF6 /* OverlayView.swift in Sources */ = {isa = PBXBuildFile; fileRef = 4CB9FFA928847FF4004F1BF6 /* OverlayView.swift */; };
		4CB9FFAC2885B4DB004F1BF6 /* GuestsMediator.swift in Sources */ = {isa = PBXBuildFile; fileRef = 4CB9FFAB2885B4DA004F1BF6 /* GuestsMediator.swift */; };
		4CB9FFAE2885BBFA004F1BF6 /* GuestListItemView.swift in Sources */ = {isa = PBXBuildFile; fileRef = 4CB9FFAD2885BBFA004F1BF6 /* GuestListItemView.swift */; };
		4CDD3B992888601000793466 /* no_data.json in Resources */ = {isa = PBXBuildFile; fileRef = 4CDD3B982888601000793466 /* no_data.json */; };
		4CDD3B9B2888608D00793466 /* NoDataView.swift in Sources */ = {isa = PBXBuildFile; fileRef = 4CDD3B9A2888608D00793466 /* NoDataView.swift */; };
		4CDD3B9D288867DA00793466 /* GuestListView.swift in Sources */ = {isa = PBXBuildFile; fileRef = 4CDD3B9C288867DA00793466 /* GuestListView.swift */; };
		4CDD3B9F288874F200793466 /* ProfileButtonView.swift in Sources */ = {isa = PBXBuildFile; fileRef = 4CDD3B9E288874F200793466 /* ProfileButtonView.swift */; };
		DB949870B51B179BE886EF9B /* Pods_BestDate.framework in Frameworks */ = {isa = PBXBuildFile; fileRef = 668E51C708FF2FD4DF518EA0 /* Pods_BestDate.framework */; };
/* End PBXBuildFile section */

/* Begin PBXFileReference section */
		1EC4C3E25D74399C67FC188E /* Pods-BestDate.release.xcconfig */ = {isa = PBXFileReference; includeInIndex = 1; lastKnownFileType = text.xcconfig; name = "Pods-BestDate.release.xcconfig"; path = "Target Support Files/Pods-BestDate/Pods-BestDate.release.xcconfig"; sourceTree = "<group>"; };
		4C022A362858EE2B0043E49D /* ProfilePhotoScreen.swift */ = {isa = PBXFileReference; lastKnownFileType = sourcecode.swift; path = ProfilePhotoScreen.swift; sourceTree = "<group>"; };
		4C022A382858EE510043E49D /* PhotoEditingScreen.swift */ = {isa = PBXFileReference; lastKnownFileType = sourcecode.swift; path = PhotoEditingScreen.swift; sourceTree = "<group>"; };
		4C022A3A285903530043E49D /* HorisontalPhotoListView.swift */ = {isa = PBXFileReference; lastKnownFileType = sourcecode.swift; path = HorisontalPhotoListView.swift; sourceTree = "<group>"; };
		4C022A3E28590B8C0043E49D /* ImagePicker.swift */ = {isa = PBXFileReference; lastKnownFileType = sourcecode.swift; path = ImagePicker.swift; sourceTree = "<group>"; };
		4C022A4028590BE10043E49D /* Media.swift */ = {isa = PBXFileReference; lastKnownFileType = sourcecode.swift; path = Media.swift; sourceTree = "<group>"; };
		4C022A4228591A2B0043E49D /* BluredImageHeaderView.swift */ = {isa = PBXFileReference; lastKnownFileType = sourcecode.swift; path = BluredImageHeaderView.swift; sourceTree = "<group>"; };
		4C022A44285A38920043E49D /* SwichSelectorView.swift */ = {isa = PBXFileReference; lastKnownFileType = sourcecode.swift; path = SwichSelectorView.swift; sourceTree = "<group>"; };
		4C022A47285A409E0043E49D /* SwitchButtonView.swift */ = {isa = PBXFileReference; lastKnownFileType = sourcecode.swift; path = SwitchButtonView.swift; sourceTree = "<group>"; };
		4C022A4A285A470B0043E49D /* PhotoSettingsBottomSheet.swift */ = {isa = PBXFileReference; lastKnownFileType = sourcecode.swift; path = PhotoSettingsBottomSheet.swift; sourceTree = "<group>"; };
		4C022A4C285B7E470043E49D /* PhotoEditorMediator.swift */ = {isa = PBXFileReference; lastKnownFileType = sourcecode.swift; path = PhotoEditorMediator.swift; sourceTree = "<group>"; };
		4C022A50285F0AF00043E49D /* EdiorView.swift */ = {isa = PBXFileReference; lastKnownFileType = sourcecode.swift; path = EdiorView.swift; sourceTree = "<group>"; };
		4C022A53285F90CC0043E49D /* PhotoViewer.swift */ = {isa = PBXFileReference; lastKnownFileType = sourcecode.swift; path = PhotoViewer.swift; sourceTree = "<group>"; };
		4C022A552864D3370043E49D /* NotCorrectPhotoBottomSheet.swift */ = {isa = PBXFileReference; lastKnownFileType = sourcecode.swift; path = NotCorrectPhotoBottomSheet.swift; sourceTree = "<group>"; };
		4C0E71DC284FAAF3004099D4 /* SansPro_bold.otf */ = {isa = PBXFileReference; lastKnownFileType = file; path = SansPro_bold.otf; sourceTree = "<group>"; };
		4C0E71DD284FAAF3004099D4 /* SansPro_italic.otf */ = {isa = PBXFileReference; lastKnownFileType = file; path = SansPro_italic.otf; sourceTree = "<group>"; };
		4C0E71DE284FAAF3004099D4 /* SansPro_regular.otf */ = {isa = PBXFileReference; lastKnownFileType = file; path = SansPro_regular.otf; sourceTree = "<group>"; };
		4C0E71E7284FB14A004099D4 /* en */ = {isa = PBXFileReference; lastKnownFileType = text.plist.strings; name = en; path = en.lproj/Localizable.strings; sourceTree = "<group>"; };
		4C0E71EC284FB68E004099D4 /* CirclePointButton.swift */ = {isa = PBXFileReference; lastKnownFileType = sourcecode.swift; path = CirclePointButton.swift; sourceTree = "<group>"; };
		4C0E71EE284FC394004099D4 /* CircleImageButton.swift */ = {isa = PBXFileReference; lastKnownFileType = sourcecode.swift; path = CircleImageButton.swift; sourceTree = "<group>"; };
		4C0E71F0284FC9A5004099D4 /* OnboardSecondScreen.swift */ = {isa = PBXFileReference; lastKnownFileType = sourcecode.swift; path = OnboardSecondScreen.swift; sourceTree = "<group>"; };
		4C0E71F2284FCE7C004099D4 /* BackButton.swift */ = {isa = PBXFileReference; lastKnownFileType = sourcecode.swift; path = BackButton.swift; sourceTree = "<group>"; };
		4C1458EF28547DE600558B6B /* BaseBottomSheet.swift */ = {isa = PBXFileReference; lastKnownFileType = sourcecode.swift; path = BaseBottomSheet.swift; sourceTree = "<group>"; };
		4C1458F22855222A00558B6B /* GnderListItem.swift */ = {isa = PBXFileReference; lastKnownFileType = sourcecode.swift; path = GnderListItem.swift; sourceTree = "<group>"; };
		4C1458F428552BE500558B6B /* RegistrationMediator.swift */ = {isa = PBXFileReference; lastKnownFileType = sourcecode.swift; path = RegistrationMediator.swift; sourceTree = "<group>"; };
		4C1458F62855C8E900558B6B /* DateSelectView.swift */ = {isa = PBXFileReference; lastKnownFileType = sourcecode.swift; path = DateSelectView.swift; sourceTree = "<group>"; };
		4C1458F92855E17100558B6B /* BaseOTPScreen.swift */ = {isa = PBXFileReference; lastKnownFileType = sourcecode.swift; path = BaseOTPScreen.swift; sourceTree = "<group>"; };
		4C1458FC285661BF00558B6B /* PassRecoveryScreen.swift */ = {isa = PBXFileReference; lastKnownFileType = sourcecode.swift; path = PassRecoveryScreen.swift; sourceTree = "<group>"; };
		4C1458FE285661EA00558B6B /* PassRecoveryOTPScreen.swift */ = {isa = PBXFileReference; lastKnownFileType = sourcecode.swift; path = PassRecoveryOTPScreen.swift; sourceTree = "<group>"; };
		4C1459002856620300558B6B /* PassRecoverySetNewScreen.swift */ = {isa = PBXFileReference; lastKnownFileType = sourcecode.swift; path = PassRecoverySetNewScreen.swift; sourceTree = "<group>"; };
		4C1459022856627E00558B6B /* GeolocationScreen.swift */ = {isa = PBXFileReference; lastKnownFileType = sourcecode.swift; path = GeolocationScreen.swift; sourceTree = "<group>"; };
		4C145904285664AA00558B6B /* RecoveryMediator.swift */ = {isa = PBXFileReference; lastKnownFileType = sourcecode.swift; path = RecoveryMediator.swift; sourceTree = "<group>"; };
		4C1459062857926700558B6B /* SplashScreen.storyboard */ = {isa = PBXFileReference; lastKnownFileType = file.storyboard; path = SplashScreen.storyboard; sourceTree = "<group>"; };
		4C1B7C1E286A3477000DB5D4 /* SingleSelectInfoView.swift */ = {isa = PBXFileReference; lastKnownFileType = sourcecode.swift; path = SingleSelectInfoView.swift; sourceTree = "<group>"; };
		4C1B7C20286B51F8000DB5D4 /* PercentView.swift */ = {isa = PBXFileReference; lastKnownFileType = sourcecode.swift; path = PercentView.swift; sourceTree = "<group>"; };
		4C1B7C23286B67CF000DB5D4 /* QuestionnaireSingleSelectBottomSheet.swift */ = {isa = PBXFileReference; lastKnownFileType = sourcecode.swift; path = QuestionnaireSingleSelectBottomSheet.swift; sourceTree = "<group>"; };
		4C1B7C25286B6AFF000DB5D4 /* AnsferItemView.swift */ = {isa = PBXFileReference; lastKnownFileType = sourcecode.swift; path = AnsferItemView.swift; sourceTree = "<group>"; };
		4C1B7C27286B6D48000DB5D4 /* SingleSelectMediator.swift */ = {isa = PBXFileReference; lastKnownFileType = sourcecode.swift; path = SingleSelectMediator.swift; sourceTree = "<group>"; };
		4C1B7C2B286CD5BD000DB5D4 /* QuestionnaireSeekBarBottomSheet.swift */ = {isa = PBXFileReference; lastKnownFileType = sourcecode.swift; path = QuestionnaireSeekBarBottomSheet.swift; sourceTree = "<group>"; };
		4C1B7C2E286CD8C4000DB5D4 /* SeekBarView.swift */ = {isa = PBXFileReference; lastKnownFileType = sourcecode.swift; path = SeekBarView.swift; sourceTree = "<group>"; };
		4C1B7C30286CD8D7000DB5D4 /* SeekBarButtonView.swift */ = {isa = PBXFileReference; lastKnownFileType = sourcecode.swift; path = SeekBarButtonView.swift; sourceTree = "<group>"; };
		4C3D27B8285110F800F8FD09 /* StandardButton.swift */ = {isa = PBXFileReference; lastKnownFileType = sourcecode.swift; path = StandardButton.swift; sourceTree = "<group>"; };
		4C3D27BB28511BB600F8FD09 /* Title.swift */ = {isa = PBXFileReference; lastKnownFileType = sourcecode.swift; path = Title.swift; sourceTree = "<group>"; };
		4C3D27BD28511DCA00F8FD09 /* HeaderText.swift */ = {isa = PBXFileReference; lastKnownFileType = sourcecode.swift; path = HeaderText.swift; sourceTree = "<group>"; };
		4C3D27BF285120FC00F8FD09 /* SocialView.swift */ = {isa = PBXFileReference; lastKnownFileType = sourcecode.swift; path = SocialView.swift; sourceTree = "<group>"; };
		4C3D27C2285244F700F8FD09 /* StandardInputView.swift */ = {isa = PBXFileReference; lastKnownFileType = sourcecode.swift; path = StandardInputView.swift; sourceTree = "<group>"; };
		4C3D27C428526FA100F8FD09 /* PasswordInputView.swift */ = {isa = PBXFileReference; lastKnownFileType = sourcecode.swift; path = PasswordInputView.swift; sourceTree = "<group>"; };
		4C3D27C62852792000F8FD09 /* SecondStylesTextButton.swift */ = {isa = PBXFileReference; lastKnownFileType = sourcecode.swift; path = SecondStylesTextButton.swift; sourceTree = "<group>"; };
		4C3D27C928539C3500F8FD09 /* RegistrationStartScreen.swift */ = {isa = PBXFileReference; lastKnownFileType = sourcecode.swift; path = RegistrationStartScreen.swift; sourceTree = "<group>"; };
		4C3D27CB28539C8800F8FD09 /* RegistrationContinueScreen.swift */ = {isa = PBXFileReference; lastKnownFileType = sourcecode.swift; path = RegistrationContinueScreen.swift; sourceTree = "<group>"; };
		4C3D27CD28539CD300F8FD09 /* RegistrationOtpScreen.swift */ = {isa = PBXFileReference; lastKnownFileType = sourcecode.swift; path = RegistrationOtpScreen.swift; sourceTree = "<group>"; };
		4C3D27CF2853A37F00F8FD09 /* BottomSheetList.swift */ = {isa = PBXFileReference; lastKnownFileType = sourcecode.swift; path = BottomSheetList.swift; sourceTree = "<group>"; };
		4C3D27D22853A66A00F8FD09 /* GenderBottomSheet.swift */ = {isa = PBXFileReference; lastKnownFileType = sourcecode.swift; path = GenderBottomSheet.swift; sourceTree = "<group>"; };
		4C3D27D42853B0B500F8FD09 /* InfoView.swift */ = {isa = PBXFileReference; lastKnownFileType = sourcecode.swift; path = InfoView.swift; sourceTree = "<group>"; };
		4C5C86AD28715A12006DE024 /* BaseBotomSheetMediator.swift */ = {isa = PBXFileReference; lastKnownFileType = sourcecode.swift; path = BaseBotomSheetMediator.swift; sourceTree = "<group>"; };
		4C5C86B1287171FF006DE024 /* RangeSelectView.swift */ = {isa = PBXFileReference; lastKnownFileType = sourcecode.swift; path = RangeSelectView.swift; sourceTree = "<group>"; };
		4C5C86B4287174DD006DE024 /* RangeBarView.swift */ = {isa = PBXFileReference; lastKnownFileType = sourcecode.swift; path = RangeBarView.swift; sourceTree = "<group>"; };
		4C5C86B628719F2D006DE024 /* QuestionnaireSearchBotomSheet.swift */ = {isa = PBXFileReference; lastKnownFileType = sourcecode.swift; path = QuestionnaireSearchBotomSheet.swift; sourceTree = "<group>"; };
		4C5C86B92871A36B006DE024 /* SearchInputView.swift */ = {isa = PBXFileReference; lastKnownFileType = sourcecode.swift; path = SearchInputView.swift; sourceTree = "<group>"; };
		4C5C86BB2871A5B4006DE024 /* CitySearchMediator.swift */ = {isa = PBXFileReference; lastKnownFileType = sourcecode.swift; path = CitySearchMediator.swift; sourceTree = "<group>"; };
		4C5C86BD287202A4006DE024 /* QuestionnaireMultySelectBottomSheet.swift */ = {isa = PBXFileReference; lastKnownFileType = sourcecode.swift; path = QuestionnaireMultySelectBottomSheet.swift; sourceTree = "<group>"; };
		4C5C86BF287203B2006DE024 /* MultySelectView.swift */ = {isa = PBXFileReference; lastKnownFileType = sourcecode.swift; path = MultySelectView.swift; sourceTree = "<group>"; };
		4C5C86C1287336FC006DE024 /* MultySelectMediator.swift */ = {isa = PBXFileReference; lastKnownFileType = sourcecode.swift; path = MultySelectMediator.swift; sourceTree = "<group>"; };
		4C5C86C428734CE3006DE024 /* ConfirmationInfoView.swift */ = {isa = PBXFileReference; lastKnownFileType = sourcecode.swift; path = ConfirmationInfoView.swift; sourceTree = "<group>"; };
		4C5C86C628734EC8006DE024 /* ConfirmationView.swift */ = {isa = PBXFileReference; lastKnownFileType = sourcecode.swift; path = ConfirmationView.swift; sourceTree = "<group>"; };
		4C5C86C9287359A5006DE024 /* CoreApiTypes.swift */ = {isa = PBXFileReference; lastKnownFileType = sourcecode.swift; path = CoreApiTypes.swift; sourceTree = "<group>"; };
		4C5C86CD28735EC5006DE024 /* CoreApiService.swift */ = {isa = PBXFileReference; lastKnownFileType = sourcecode.swift; path = CoreApiService.swift; sourceTree = "<group>"; };
		4C5C86D028749CE3006DE024 /* RequestModels.swift */ = {isa = PBXFileReference; lastKnownFileType = sourcecode.swift; path = RequestModels.swift; sourceTree = "<group>"; };
		4C5C86D32874A546006DE024 /* AuthResponse.swift */ = {isa = PBXFileReference; lastKnownFileType = sourcecode.swift; path = AuthResponse.swift; sourceTree = "<group>"; };
		4C5C86D52874A602006DE024 /* UserDataHolder.swift */ = {isa = PBXFileReference; lastKnownFileType = sourcecode.swift; path = UserDataHolder.swift; sourceTree = "<group>"; };
		4C5C86D92874AA5B006DE024 /* StringUtils.swift */ = {isa = PBXFileReference; lastKnownFileType = sourcecode.swift; path = StringUtils.swift; sourceTree = "<group>"; };
		4C5C86DC2874B18D006DE024 /* AuthMediator.swift */ = {isa = PBXFileReference; lastKnownFileType = sourcecode.swift; path = AuthMediator.swift; sourceTree = "<group>"; };
		4C5C86DE2874C033006DE024 /* BaseResponse.swift */ = {isa = PBXFileReference; lastKnownFileType = sourcecode.swift; path = BaseResponse.swift; sourceTree = "<group>"; };
		4C5C86E028758F0E006DE024 /* FaceDetectorUtil.swift */ = {isa = PBXFileReference; lastKnownFileType = sourcecode.swift; path = FaceDetectorUtil.swift; sourceTree = "<group>"; };
		4C5C86E22875DF43006DE024 /* ImageUtils.swift */ = {isa = PBXFileReference; lastKnownFileType = sourcecode.swift; path = ImageUtils.swift; sourceTree = "<group>"; };
		4C5C86E42875E20D006DE024 /* ImagesApiService.swift */ = {isa = PBXFileReference; lastKnownFileType = sourcecode.swift; path = ImagesApiService.swift; sourceTree = "<group>"; };
		4C5C86E72875FB56006DE024 /* AsyncImageView.swift */ = {isa = PBXFileReference; lastKnownFileType = sourcecode.swift; path = AsyncImageView.swift; sourceTree = "<group>"; };
		4C5C86E92875FCC0006DE024 /* ImageLoader.swift */ = {isa = PBXFileReference; lastKnownFileType = sourcecode.swift; path = ImageLoader.swift; sourceTree = "<group>"; };
		4C8E7D7D284CC93F00D6E58D /* BestDate.app */ = {isa = PBXFileReference; explicitFileType = wrapper.application; includeInIndex = 0; path = BestDate.app; sourceTree = BUILT_PRODUCTS_DIR; };
		4C8E7D80284CC93F00D6E58D /* BestDateApp.swift */ = {isa = PBXFileReference; lastKnownFileType = sourcecode.swift; path = BestDateApp.swift; sourceTree = "<group>"; };
		4C8E7D84284CC94900D6E58D /* Assets.xcassets */ = {isa = PBXFileReference; lastKnownFileType = folder.assetcatalog; path = Assets.xcassets; sourceTree = "<group>"; };
		4C8E7D87284CC94900D6E58D /* Preview Assets.xcassets */ = {isa = PBXFileReference; lastKnownFileType = folder.assetcatalog; path = "Preview Assets.xcassets"; sourceTree = "<group>"; };
		4C8E7D8F284D1C4000D6E58D /* Font.swift */ = {isa = PBXFileReference; lastKnownFileType = sourcecode.swift; path = Font.swift; sourceTree = "<group>"; };
		4C8E7D98284D1E7B00D6E58D /* Color.swift */ = {isa = PBXFileReference; lastKnownFileType = sourcecode.swift; path = Color.swift; sourceTree = "<group>"; };
		4C8E7D9B284D1F0700D6E58D /* ScreenList.swift */ = {isa = PBXFileReference; lastKnownFileType = sourcecode.swift; path = ScreenList.swift; sourceTree = "<group>"; };
		4C8E7DA1284D222200D6E58D /* Action.swift */ = {isa = PBXFileReference; lastKnownFileType = sourcecode.swift; path = Action.swift; sourceTree = "<group>"; };
		4C8E7DA3284D229B00D6E58D /* AppState.swift */ = {isa = PBXFileReference; lastKnownFileType = sourcecode.swift; path = AppState.swift; sourceTree = "<group>"; };
		4C8E7DA5284D233100D6E58D /* Reducer.swift */ = {isa = PBXFileReference; lastKnownFileType = sourcecode.swift; path = Reducer.swift; sourceTree = "<group>"; };
		4C8E7DA7284D23D200D6E58D /* Store.swift */ = {isa = PBXFileReference; lastKnownFileType = sourcecode.swift; path = Store.swift; sourceTree = "<group>"; };
		4C8E7DAB284D252300D6E58D /* OnboardStartScreen.swift */ = {isa = PBXFileReference; lastKnownFileType = sourcecode.swift; path = OnboardStartScreen.swift; sourceTree = "<group>"; };
		4C950D57284E6194004E2C13 /* Extension.swift */ = {isa = PBXFileReference; lastKnownFileType = sourcecode.swift; path = Extension.swift; sourceTree = "<group>"; };
		4C950D59284E6C4C004E2C13 /* Info.plist */ = {isa = PBXFileReference; lastKnownFileType = text.plist; path = Info.plist; sourceTree = "<group>"; };
		4C950D5E284E7318004E2C13 /* AuthScreen.swift */ = {isa = PBXFileReference; lastKnownFileType = sourcecode.swift; path = AuthScreen.swift; sourceTree = "<group>"; };
		4C950D60284E78E8004E2C13 /* NavigationView.swift */ = {isa = PBXFileReference; lastKnownFileType = sourcecode.swift; path = NavigationView.swift; sourceTree = "<group>"; };
		4CA2E22A2867224B00E514C4 /* QuestionnaireScreen.swift */ = {isa = PBXFileReference; lastKnownFileType = sourcecode.swift; path = QuestionnaireScreen.swift; sourceTree = "<group>"; };
		4CA2E22D2867286000E514C4 /* FillingProgressView.swift */ = {isa = PBXFileReference; lastKnownFileType = sourcecode.swift; path = FillingProgressView.swift; sourceTree = "<group>"; };
		4CA2E22F286728D100E514C4 /* SurprizeBoxView.swift */ = {isa = PBXFileReference; lastKnownFileType = sourcecode.swift; path = SurprizeBoxView.swift; sourceTree = "<group>"; };
		4CA2E23128672F4100E514C4 /* QuestionnaireMediator.swift */ = {isa = PBXFileReference; lastKnownFileType = sourcecode.swift; path = QuestionnaireMediator.swift; sourceTree = "<group>"; };
		4CA2E23328673D1A00E514C4 /* ProgressBarView.swift */ = {isa = PBXFileReference; lastKnownFileType = sourcecode.swift; path = ProgressBarView.swift; sourceTree = "<group>"; };
		4CA2E2352867647A00E514C4 /* QuestionnairePageContainer.swift */ = {isa = PBXFileReference; lastKnownFileType = sourcecode.swift; path = QuestionnairePageContainer.swift; sourceTree = "<group>"; };
		4CA2E237286765C100E514C4 /* SelectPageView.swift */ = {isa = PBXFileReference; lastKnownFileType = sourcecode.swift; path = SelectPageView.swift; sourceTree = "<group>"; };
		4CA2E239286765D900E514C4 /* InputPageView.swift */ = {isa = PBXFileReference; lastKnownFileType = sourcecode.swift; path = InputPageView.swift; sourceTree = "<group>"; };
		4CA2E23C286766EF00E514C4 /* PageHeaderView.swift */ = {isa = PBXFileReference; lastKnownFileType = sourcecode.swift; path = PageHeaderView.swift; sourceTree = "<group>"; };
		4CA2E23E28676FA400E514C4 /* PageButtonsView.swift */ = {isa = PBXFileReference; lastKnownFileType = sourcecode.swift; path = PageButtonsView.swift; sourceTree = "<group>"; };
		4CB9FF402877437E004F1BF6 /* SearchScreen.swift */ = {isa = PBXFileReference; lastKnownFileType = sourcecode.swift; path = SearchScreen.swift; sourceTree = "<group>"; };
		4CB9FF43287743C3004F1BF6 /* MainScreen.swift */ = {isa = PBXFileReference; lastKnownFileType = sourcecode.swift; path = MainScreen.swift; sourceTree = "<group>"; };
		4CB9FF45287743D9004F1BF6 /* MainMediator.swift */ = {isa = PBXFileReference; lastKnownFileType = sourcecode.swift; path = MainMediator.swift; sourceTree = "<group>"; };
		4CB9FF4B287746F9004F1BF6 /* GuestsScreen.swift */ = {isa = PBXFileReference; lastKnownFileType = sourcecode.swift; path = GuestsScreen.swift; sourceTree = "<group>"; };
		4CB9FF4D28774718004F1BF6 /* TopScreen.swift */ = {isa = PBXFileReference; lastKnownFileType = sourcecode.swift; path = TopScreen.swift; sourceTree = "<group>"; };
		4CB9FF4F2877472A004F1BF6 /* ChatListScreen.swift */ = {isa = PBXFileReference; lastKnownFileType = sourcecode.swift; path = ChatListScreen.swift; sourceTree = "<group>"; };
		4CB9FF5128774739004F1BF6 /* MatchesScreen.swift */ = {isa = PBXFileReference; lastKnownFileType = sourcecode.swift; path = MatchesScreen.swift; sourceTree = "<group>"; };
		4CB9FF532877477B004F1BF6 /* BottomMainNavigationView.swift */ = {isa = PBXFileReference; lastKnownFileType = sourcecode.swift; path = BottomMainNavigationView.swift; sourceTree = "<group>"; };
		4CB9FF562877500A004F1BF6 /* BottomMainNavigationItemView.swift */ = {isa = PBXFileReference; lastKnownFileType = sourcecode.swift; path = BottomMainNavigationItemView.swift; sourceTree = "<group>"; };
		4CB9FF5D287AAD7D004F1BF6 /* MainHeaderImage.swift */ = {isa = PBXFileReference; lastKnownFileType = sourcecode.swift; path = MainHeaderImage.swift; sourceTree = "<group>"; };
		4CB9FF5F287AE103004F1BF6 /* DropDownView.swift */ = {isa = PBXFileReference; lastKnownFileType = sourcecode.swift; path = DropDownView.swift; sourceTree = "<group>"; };
		4CB9FF61287AF001004F1BF6 /* SearchMediator.swift */ = {isa = PBXFileReference; lastKnownFileType = sourcecode.swift; path = SearchMediator.swift; sourceTree = "<group>"; };
		4CB9FF63287AF0C8004F1BF6 /* UserSearchItemView.swift */ = {isa = PBXFileReference; lastKnownFileType = sourcecode.swift; path = UserSearchItemView.swift; sourceTree = "<group>"; };
		4CB9FF67287B3210004F1BF6 /* MainLocationBottomSheet.swift */ = {isa = PBXFileReference; lastKnownFileType = sourcecode.swift; path = MainLocationBottomSheet.swift; sourceTree = "<group>"; };
		4CB9FF69287B324C004F1BF6 /* MainOnlineBottomSheet.swift */ = {isa = PBXFileReference; lastKnownFileType = sourcecode.swift; path = MainOnlineBottomSheet.swift; sourceTree = "<group>"; };
		4CB9FF6B287B3417004F1BF6 /* LocationMediator.swift */ = {isa = PBXFileReference; lastKnownFileType = sourcecode.swift; path = LocationMediator.swift; sourceTree = "<group>"; };
		4CB9FF6D287B3476004F1BF6 /* OnlineMediator.swift */ = {isa = PBXFileReference; lastKnownFileType = sourcecode.swift; path = OnlineMediator.swift; sourceTree = "<group>"; };
		4CB9FF6F287B3582004F1BF6 /* DarkBottomSheetItem.swift */ = {isa = PBXFileReference; lastKnownFileType = sourcecode.swift; path = DarkBottomSheetItem.swift; sourceTree = "<group>"; };
		4CB9FF71287F4027004F1BF6 /* StartScreen.swift */ = {isa = PBXFileReference; lastKnownFileType = sourcecode.swift; path = StartScreen.swift; sourceTree = "<group>"; };
		4CB9FF7928808E01004F1BF6 /* LottieView.swift */ = {isa = PBXFileReference; lastKnownFileType = sourcecode.swift; path = LottieView.swift; sourceTree = "<group>"; };
		4CB9FF83288094C0004F1BF6 /* heart.json */ = {isa = PBXFileReference; fileEncoding = 4; lastKnownFileType = text.json; path = heart.json; sourceTree = "<group>"; };
		4CB9FF852881DD71004F1BF6 /* ChatApiService.swift */ = {isa = PBXFileReference; lastKnownFileType = sourcecode.swift; path = ChatApiService.swift; sourceTree = "<group>"; };
		4CB9FF872881DDCB004F1BF6 /* NetworkLogger.swift */ = {isa = PBXFileReference; lastKnownFileType = sourcecode.swift; path = NetworkLogger.swift; sourceTree = "<group>"; };
		4CB9FF8A2882D02C004F1BF6 /* ProfileScreen.swift */ = {isa = PBXFileReference; lastKnownFileType = sourcecode.swift; path = ProfileScreen.swift; sourceTree = "<group>"; };
		4CB9FF8C2882D2AF004F1BF6 /* ProfileMediator.swift */ = {isa = PBXFileReference; lastKnownFileType = sourcecode.swift; path = ProfileMediator.swift; sourceTree = "<group>"; };
		4CB9FF8E28832DAF004F1BF6 /* CoinsBoxView.swift */ = {isa = PBXFileReference; lastKnownFileType = sourcecode.swift; path = CoinsBoxView.swift; sourceTree = "<group>"; };
		4CB9FF91288331A2004F1BF6 /* ProfilePhotoLineView.swift */ = {isa = PBXFileReference; lastKnownFileType = sourcecode.swift; path = ProfilePhotoLineView.swift; sourceTree = "<group>"; };
		4CB9FF9328833A56004F1BF6 /* DirrectionLineButtonView.swift */ = {isa = PBXFileReference; lastKnownFileType = sourcecode.swift; path = DirrectionLineButtonView.swift; sourceTree = "<group>"; };
		4CB9FF9528834303004F1BF6 /* ImageLineItemView.swift */ = {isa = PBXFileReference; lastKnownFileType = sourcecode.swift; path = ImageLineItemView.swift; sourceTree = "<group>"; };
		4CB9FF97288345B7004F1BF6 /* LogoutButtonView.swift */ = {isa = PBXFileReference; lastKnownFileType = sourcecode.swift; path = LogoutButtonView.swift; sourceTree = "<group>"; };
		4CB9FF9928842456004F1BF6 /* TextButton.swift */ = {isa = PBXFileReference; lastKnownFileType = sourcecode.swift; path = TextButton.swift; sourceTree = "<group>"; };
		4CB9FF9C288427DA004F1BF6 /* AnotherProfileScreen.swift */ = {isa = PBXFileReference; lastKnownFileType = sourcecode.swift; path = AnotherProfileScreen.swift; sourceTree = "<group>"; };
		4CB9FF9E28842D87004F1BF6 /* AnotherProfileMediator.swift */ = {isa = PBXFileReference; lastKnownFileType = sourcecode.swift; path = AnotherProfileMediator.swift; sourceTree = "<group>"; };
		4CB9FFA028842FC6004F1BF6 /* DateUtils.swift */ = {isa = PBXFileReference; lastKnownFileType = sourcecode.swift; path = DateUtils.swift; sourceTree = "<group>"; };
		4CB9FFA3288453DA004F1BF6 /* AnotherProfileNavigationPanelView.swift */ = {isa = PBXFileReference; lastKnownFileType = sourcecode.swift; path = AnotherProfileNavigationPanelView.swift; sourceTree = "<group>"; };
		4CB9FFA52884608D004F1BF6 /* AnotherProfileHeader.swift */ = {isa = PBXFileReference; lastKnownFileType = sourcecode.swift; path = AnotherProfileHeader.swift; sourceTree = "<group>"; };
		4CB9FFA728847808004F1BF6 /* AnotherProfileImageLineView.swift */ = {isa = PBXFileReference; lastKnownFileType = sourcecode.swift; path = AnotherProfileImageLineView.swift; sourceTree = "<group>"; };
		4CB9FFA928847FF4004F1BF6 /* OverlayView.swift */ = {isa = PBXFileReference; lastKnownFileType = sourcecode.swift; path = OverlayView.swift; sourceTree = "<group>"; };
		4CB9FFAB2885B4DA004F1BF6 /* GuestsMediator.swift */ = {isa = PBXFileReference; lastKnownFileType = sourcecode.swift; path = GuestsMediator.swift; sourceTree = "<group>"; };
		4CB9FFAD2885BBFA004F1BF6 /* GuestListItemView.swift */ = {isa = PBXFileReference; lastKnownFileType = sourcecode.swift; path = GuestListItemView.swift; sourceTree = "<group>"; };
		4CDD3B982888601000793466 /* no_data.json */ = {isa = PBXFileReference; fileEncoding = 4; lastKnownFileType = text.json; path = no_data.json; sourceTree = "<group>"; };
		4CDD3B9A2888608D00793466 /* NoDataView.swift */ = {isa = PBXFileReference; lastKnownFileType = sourcecode.swift; path = NoDataView.swift; sourceTree = "<group>"; };
		4CDD3B9C288867DA00793466 /* GuestListView.swift */ = {isa = PBXFileReference; lastKnownFileType = sourcecode.swift; path = GuestListView.swift; sourceTree = "<group>"; };
		4CDD3B9E288874F200793466 /* ProfileButtonView.swift */ = {isa = PBXFileReference; lastKnownFileType = sourcecode.swift; path = ProfileButtonView.swift; sourceTree = "<group>"; };
		580B6BBF9D7D1CE1D3B4B0AD /* Pods-BestDate.debug.xcconfig */ = {isa = PBXFileReference; includeInIndex = 1; lastKnownFileType = text.xcconfig; name = "Pods-BestDate.debug.xcconfig"; path = "Target Support Files/Pods-BestDate/Pods-BestDate.debug.xcconfig"; sourceTree = "<group>"; };
		668E51C708FF2FD4DF518EA0 /* Pods_BestDate.framework */ = {isa = PBXFileReference; explicitFileType = wrapper.framework; includeInIndex = 0; path = Pods_BestDate.framework; sourceTree = BUILT_PRODUCTS_DIR; };
/* End PBXFileReference section */

/* Begin PBXFrameworksBuildPhase section */
		4C8E7D7A284CC93F00D6E58D /* Frameworks */ = {
			isa = PBXFrameworksBuildPhase;
			buildActionMask = 2147483647;
			files = (
				4CB9FF7528808B3C004F1BF6 /* Lottie in Frameworks */,
				DB949870B51B179BE886EF9B /* Pods_BestDate.framework in Frameworks */,
			);
			runOnlyForDeploymentPostprocessing = 0;
		};
/* End PBXFrameworksBuildPhase section */

/* Begin PBXGroup section */
		4C022A352858ED570043E49D /* profile photo */ = {
			isa = PBXGroup;
			children = (
				4C022A362858EE2B0043E49D /* ProfilePhotoScreen.swift */,
				4C022A382858EE510043E49D /* PhotoEditingScreen.swift */,
				4C022A4C285B7E470043E49D /* PhotoEditorMediator.swift */,
			);
			path = "profile photo";
			sourceTree = "<group>";
		};
		4C022A3C28590B600043E49D /* utils */ = {
			isa = PBXGroup;
			children = (
				4C5C86E62875FB15006DE024 /* imageLoader */,
				4C022A52285F90A50043E49D /* Zoomable */,
				4C022A3D28590B6A0043E49D /* imagePicker */,
				4C5C86D92874AA5B006DE024 /* StringUtils.swift */,
				4C5C86E028758F0E006DE024 /* FaceDetectorUtil.swift */,
				4CB9FFA028842FC6004F1BF6 /* DateUtils.swift */,
			);
			path = utils;
			sourceTree = "<group>";
		};
		4C022A3D28590B6A0043E49D /* imagePicker */ = {
			isa = PBXGroup;
			children = (
				4C022A3E28590B8C0043E49D /* ImagePicker.swift */,
				4C022A4028590BE10043E49D /* Media.swift */,
				4C5C86E22875DF43006DE024 /* ImageUtils.swift */,
			);
			path = imagePicker;
			sourceTree = "<group>";
		};
		4C022A46285A40700043E49D /* switchSelector */ = {
			isa = PBXGroup;
			children = (
				4C022A44285A38920043E49D /* SwichSelectorView.swift */,
				4C022A47285A409E0043E49D /* SwitchButtonView.swift */,
			);
			path = switchSelector;
			sourceTree = "<group>";
		};
		4C022A49285A465E0043E49D /* PhotoSettingsSheet */ = {
			isa = PBXGroup;
			children = (
				4C022A4A285A470B0043E49D /* PhotoSettingsBottomSheet.swift */,
			);
			path = PhotoSettingsSheet;
			sourceTree = "<group>";
		};
		4C022A52285F90A50043E49D /* Zoomable */ = {
			isa = PBXGroup;
			children = (
				4C022A53285F90CC0043E49D /* PhotoViewer.swift */,
			);
			path = Zoomable;
			sourceTree = "<group>";
		};
		4C0E71EB284FB60F004099D4 /* butons */ = {
			isa = PBXGroup;
			children = (
				4C0E71EC284FB68E004099D4 /* CirclePointButton.swift */,
				4C0E71EE284FC394004099D4 /* CircleImageButton.swift */,
				4C0E71F2284FCE7C004099D4 /* BackButton.swift */,
				4C3D27B8285110F800F8FD09 /* StandardButton.swift */,
				4C3D27C62852792000F8FD09 /* SecondStylesTextButton.swift */,
				4CB9FF9928842456004F1BF6 /* TextButton.swift */,
			);
			path = butons;
			sourceTree = "<group>";
		};
		4C1458F12855202D00558B6B /* GenderSheet */ = {
			isa = PBXGroup;
			children = (
				4C3D27D22853A66A00F8FD09 /* GenderBottomSheet.swift */,
				4C1458F22855222A00558B6B /* GnderListItem.swift */,
			);
			path = GenderSheet;
			sourceTree = "<group>";
		};
		4C1458F82855E15900558B6B /* base */ = {
			isa = PBXGroup;
			children = (
				4C1458F92855E17100558B6B /* BaseOTPScreen.swift */,
			);
			path = base;
			sourceTree = "<group>";
		};
		4C1458FB285660F800558B6B /* recovery */ = {
			isa = PBXGroup;
			children = (
				4C1458FC285661BF00558B6B /* PassRecoveryScreen.swift */,
				4C1458FE285661EA00558B6B /* PassRecoveryOTPScreen.swift */,
				4C1459002856620300558B6B /* PassRecoverySetNewScreen.swift */,
				4C145904285664AA00558B6B /* RecoveryMediator.swift */,
			);
			path = recovery;
			sourceTree = "<group>";
		};
		4C1B7C1D286A3439000DB5D4 /* Input */ = {
			isa = PBXGroup;
			children = (
				4C5C86C328734CBA006DE024 /* confirmation */,
				4C1B7C1E286A3477000DB5D4 /* SingleSelectInfoView.swift */,
				4C1B7C27286B6D48000DB5D4 /* SingleSelectMediator.swift */,
				4C5C86B1287171FF006DE024 /* RangeSelectView.swift */,
				4C5C86BF287203B2006DE024 /* MultySelectView.swift */,
				4C5C86C1287336FC006DE024 /* MultySelectMediator.swift */,
			);
			path = Input;
			sourceTree = "<group>";
		};
		4C1B7C22286B6783000DB5D4 /* bottomSheet */ = {
			isa = PBXGroup;
			children = (
				4C5C86B82871A32E006DE024 /* search */,
				4C1B7C23286B67CF000DB5D4 /* QuestionnaireSingleSelectBottomSheet.swift */,
				4C1B7C25286B6AFF000DB5D4 /* AnsferItemView.swift */,
				4C1B7C2B286CD5BD000DB5D4 /* QuestionnaireSeekBarBottomSheet.swift */,
				4C5C86BD287202A4006DE024 /* QuestionnaireMultySelectBottomSheet.swift */,
			);
			path = bottomSheet;
			sourceTree = "<group>";
		};
		4C1B7C2D286CD8A5000DB5D4 /* seekBar */ = {
			isa = PBXGroup;
			children = (
				4C1B7C2E286CD8C4000DB5D4 /* SeekBarView.swift */,
				4C1B7C30286CD8D7000DB5D4 /* SeekBarButtonView.swift */,
				4C5C86B4287174DD006DE024 /* RangeBarView.swift */,
			);
			path = seekBar;
			sourceTree = "<group>";
		};
		4C3D27BA28511B9A00F8FD09 /* textViews */ = {
			isa = PBXGroup;
			children = (
				4C3D27BB28511BB600F8FD09 /* Title.swift */,
				4C3D27BD28511DCA00F8FD09 /* HeaderText.swift */,
			);
			path = textViews;
			sourceTree = "<group>";
		};
		4C3D27C1285244B100F8FD09 /* inputs */ = {
			isa = PBXGroup;
			children = (
				4C3D27D42853B0B500F8FD09 /* InfoView.swift */,
				4C3D27C2285244F700F8FD09 /* StandardInputView.swift */,
				4C3D27C428526FA100F8FD09 /* PasswordInputView.swift */,
				4C1458F62855C8E900558B6B /* DateSelectView.swift */,
			);
			path = inputs;
			sourceTree = "<group>";
		};
		4C3D27C828539BAE00F8FD09 /* registration */ = {
			isa = PBXGroup;
			children = (
				4C3D27C928539C3500F8FD09 /* RegistrationStartScreen.swift */,
				4C3D27CB28539C8800F8FD09 /* RegistrationContinueScreen.swift */,
				4C3D27CD28539CD300F8FD09 /* RegistrationOtpScreen.swift */,
				4C1458F428552BE500558B6B /* RegistrationMediator.swift */,
			);
			path = registration;
			sourceTree = "<group>";
		};
		4C3D27D12853A62700F8FD09 /* bottomSheet */ = {
			isa = PBXGroup;
			children = (
				4CB9FF66287B31E8004F1BF6 /* mainLocation */,
				4CB9FF65287B31D4004F1BF6 /* mainOnline */,
				4C022A49285A465E0043E49D /* PhotoSettingsSheet */,
				4C1458F12855202D00558B6B /* GenderSheet */,
				4C1458EF28547DE600558B6B /* BaseBottomSheet.swift */,
				4C022A552864D3370043E49D /* NotCorrectPhotoBottomSheet.swift */,
				4C5C86AD28715A12006DE024 /* BaseBotomSheetMediator.swift */,
				4CB9FF6F287B3582004F1BF6 /* DarkBottomSheetItem.swift */,
			);
			path = bottomSheet;
			sourceTree = "<group>";
		};
		4C5C86B82871A32E006DE024 /* search */ = {
			isa = PBXGroup;
			children = (
				4C5C86B628719F2D006DE024 /* QuestionnaireSearchBotomSheet.swift */,
				4C5C86B92871A36B006DE024 /* SearchInputView.swift */,
				4C5C86BB2871A5B4006DE024 /* CitySearchMediator.swift */,
			);
			path = search;
			sourceTree = "<group>";
		};
		4C5C86C328734CBA006DE024 /* confirmation */ = {
			isa = PBXGroup;
			children = (
				4C5C86C428734CE3006DE024 /* ConfirmationInfoView.swift */,
				4C5C86C628734EC8006DE024 /* ConfirmationView.swift */,
			);
			path = confirmation;
			sourceTree = "<group>";
		};
		4C5C86C82873596A006DE024 /* network */ = {
			isa = PBXGroup;
			children = (
				4C5C86C9287359A5006DE024 /* CoreApiTypes.swift */,
				4C5C86CD28735EC5006DE024 /* CoreApiService.swift */,
				4C5C86E42875E20D006DE024 /* ImagesApiService.swift */,
				4CB9FF852881DD71004F1BF6 /* ChatApiService.swift */,
				4CB9FF872881DDCB004F1BF6 /* NetworkLogger.swift */,
			);
			path = network;
			sourceTree = "<group>";
		};
		4C5C86CF28749CBD006DE024 /* model */ = {
			isa = PBXGroup;
			children = (
				4C5C86D22874A52D006DE024 /* response */,
				4C5C86D028749CE3006DE024 /* RequestModels.swift */,
				4C5C86DE2874C033006DE024 /* BaseResponse.swift */,
			);
			path = model;
			sourceTree = "<group>";
		};
		4C5C86D22874A52D006DE024 /* response */ = {
			isa = PBXGroup;
			children = (
				4C5C86D32874A546006DE024 /* AuthResponse.swift */,
			);
			path = response;
			sourceTree = "<group>";
		};
		4C5C86DB2874B174006DE024 /* auth */ = {
			isa = PBXGroup;
			children = (
				4C950D5E284E7318004E2C13 /* AuthScreen.swift */,
				4C5C86DC2874B18D006DE024 /* AuthMediator.swift */,
			);
			path = auth;
			sourceTree = "<group>";
		};
		4C5C86E62875FB15006DE024 /* imageLoader */ = {
			isa = PBXGroup;
			children = (
				4C5C86E72875FB56006DE024 /* AsyncImageView.swift */,
				4C5C86E92875FCC0006DE024 /* ImageLoader.swift */,
			);
			path = imageLoader;
			sourceTree = "<group>";
		};
		4C8E7D74284CC93F00D6E58D = {
			isa = PBXGroup;
			children = (
				4C8E7D7F284CC93F00D6E58D /* BestDate */,
				4C8E7D7E284CC93F00D6E58D /* Products */,
				8AAFA1B0BD0B01F2CA3053CD /* Pods */,
				D1DE0595D92DC592C1D5A563 /* Frameworks */,
			);
			sourceTree = "<group>";
		};
		4C8E7D7E284CC93F00D6E58D /* Products */ = {
			isa = PBXGroup;
			children = (
				4C8E7D7D284CC93F00D6E58D /* BestDate.app */,
			);
			name = Products;
			sourceTree = "<group>";
		};
		4C8E7D7F284CC93F00D6E58D /* BestDate */ = {
			isa = PBXGroup;
			children = (
				4C950D59284E6C4C004E2C13 /* Info.plist */,
				4CB9FF7628808D6E004F1BF6 /* Lottie */,
				4C8E7D84284CC94900D6E58D /* Assets.xcassets */,
				4C8E7D80284CC93F00D6E58D /* BestDateApp.swift */,
				4C950D56284E6171004E2C13 /* extensions */,
				4C8E7D91284D1D2900D6E58D /* Fonts */,
				4C5C86CF28749CBD006DE024 /* model */,
				4C8E7D9D284D20A900D6E58D /* navigation */,
				4C5C86C82873596A006DE024 /* network */,
				4C8E7D86284CC94900D6E58D /* Preview Content */,
				4C8E7DA0284D21DA00D6E58D /* redux */,
				4C8E7DA9284D24BC00D6E58D /* screens */,
				4C022A3C28590B600043E49D /* utils */,
				4C8E7D8E284D1C0B00D6E58D /* value */,
				4C8E7DAA284D24C600D6E58D /* views */,
			);
			path = BestDate;
			sourceTree = "<group>";
		};
		4C8E7D86284CC94900D6E58D /* Preview Content */ = {
			isa = PBXGroup;
			children = (
				4C8E7D87284CC94900D6E58D /* Preview Assets.xcassets */,
			);
			path = "Preview Content";
			sourceTree = "<group>";
		};
		4C8E7D8E284D1C0B00D6E58D /* value */ = {
			isa = PBXGroup;
			children = (
				4C8E7D8F284D1C4000D6E58D /* Font.swift */,
				4C8E7D98284D1E7B00D6E58D /* Color.swift */,
				4C8E7D9B284D1F0700D6E58D /* ScreenList.swift */,
				4C0E71E8284FB14A004099D4 /* Localizable.strings */,
				4C3D27CF2853A37F00F8FD09 /* BottomSheetList.swift */,
				4C5C86D52874A602006DE024 /* UserDataHolder.swift */,
			);
			path = value;
			sourceTree = "<group>";
		};
		4C8E7D91284D1D2900D6E58D /* Fonts */ = {
			isa = PBXGroup;
			children = (
				4C0E71DC284FAAF3004099D4 /* SansPro_bold.otf */,
				4C0E71DD284FAAF3004099D4 /* SansPro_italic.otf */,
				4C0E71DE284FAAF3004099D4 /* SansPro_regular.otf */,
			);
			path = Fonts;
			sourceTree = "<group>";
		};
		4C8E7D9D284D20A900D6E58D /* navigation */ = {
			isa = PBXGroup;
			children = (
				4C950D60284E78E8004E2C13 /* NavigationView.swift */,
			);
			path = navigation;
			sourceTree = "<group>";
		};
		4C8E7DA0284D21DA00D6E58D /* redux */ = {
			isa = PBXGroup;
			children = (
				4C8E7DA1284D222200D6E58D /* Action.swift */,
				4C8E7DA3284D229B00D6E58D /* AppState.swift */,
				4C8E7DA5284D233100D6E58D /* Reducer.swift */,
				4C8E7DA7284D23D200D6E58D /* Store.swift */,
			);
			path = redux;
			sourceTree = "<group>";
		};
		4C8E7DA9284D24BC00D6E58D /* screens */ = {
			isa = PBXGroup;
			children = (
				4C1459062857926700558B6B /* SplashScreen.storyboard */,
				4C1459022856627E00558B6B /* GeolocationScreen.swift */,
				4C0E71F0284FC9A5004099D4 /* OnboardSecondScreen.swift */,
				4C8E7DAB284D252300D6E58D /* OnboardStartScreen.swift */,
				4CB9FF71287F4027004F1BF6 /* StartScreen.swift */,
				4C5C86DB2874B174006DE024 /* auth */,
				4C1458F82855E15900558B6B /* base */,
				4CB9FF422877439A004F1BF6 /* main */,
				4CB9FF9B288427BA004F1BF6 /* OtherProfile */,
				4C022A352858ED570043E49D /* profile photo */,
				4CA2E2292867222300E514C4 /* questionnaire */,
				4C1458FB285660F800558B6B /* recovery */,
				4C3D27C828539BAE00F8FD09 /* registration */,
				4CB9FF892882D002004F1BF6 /* UserProfile */,
			);
			path = screens;
			sourceTree = "<group>";
		};
		4C8E7DAA284D24C600D6E58D /* views */ = {
			isa = PBXGroup;
			children = (
				4CB9FFA2288453B2004F1BF6 /* anotherProfile */,
				4CB9FF902883317E004F1BF6 /* profile */,
				4CB9FF5C287AAD54004F1BF6 /* main */,
				4CB9FF5528774FD6004F1BF6 /* navigation */,
				4C1B7C2D286CD8A5000DB5D4 /* seekBar */,
				4CA2E22C2867283B00E514C4 /* questionnaire */,
				4C022A46285A40700043E49D /* switchSelector */,
				4C3D27D12853A62700F8FD09 /* bottomSheet */,
				4C3D27C1285244B100F8FD09 /* inputs */,
				4C3D27BA28511B9A00F8FD09 /* textViews */,
				4C0E71EB284FB60F004099D4 /* butons */,
				4C3D27BF285120FC00F8FD09 /* SocialView.swift */,
				4C022A3A285903530043E49D /* HorisontalPhotoListView.swift */,
				4C022A4228591A2B0043E49D /* BluredImageHeaderView.swift */,
				4C022A50285F0AF00043E49D /* EdiorView.swift */,
				4CB9FFA928847FF4004F1BF6 /* OverlayView.swift */,
				4CDD3B9A2888608D00793466 /* NoDataView.swift */,
			);
			path = views;
			sourceTree = "<group>";
		};
		4C950D56284E6171004E2C13 /* extensions */ = {
			isa = PBXGroup;
			children = (
				4C950D57284E6194004E2C13 /* Extension.swift */,
			);
			path = extensions;
			sourceTree = "<group>";
		};
		4CA2E2292867222300E514C4 /* questionnaire */ = {
			isa = PBXGroup;
			children = (
				4CA2E22A2867224B00E514C4 /* QuestionnaireScreen.swift */,
				4CA2E23128672F4100E514C4 /* QuestionnaireMediator.swift */,
			);
			path = questionnaire;
			sourceTree = "<group>";
		};
		4CA2E22C2867283B00E514C4 /* questionnaire */ = {
			isa = PBXGroup;
			children = (
				4C1B7C22286B6783000DB5D4 /* bottomSheet */,
				4CA2E23B286766BE00E514C4 /* page */,
				4CA2E22D2867286000E514C4 /* FillingProgressView.swift */,
				4CA2E22F286728D100E514C4 /* SurprizeBoxView.swift */,
				4CA2E23328673D1A00E514C4 /* ProgressBarView.swift */,
				4CA2E2352867647A00E514C4 /* QuestionnairePageContainer.swift */,
			);
			path = questionnaire;
			sourceTree = "<group>";
		};
		4CA2E23B286766BE00E514C4 /* page */ = {
			isa = PBXGroup;
			children = (
				4C1B7C1D286A3439000DB5D4 /* Input */,
				4CA2E237286765C100E514C4 /* SelectPageView.swift */,
				4CA2E239286765D900E514C4 /* InputPageView.swift */,
				4CA2E23C286766EF00E514C4 /* PageHeaderView.swift */,
				4CA2E23E28676FA400E514C4 /* PageButtonsView.swift */,
				4C1B7C20286B51F8000DB5D4 /* PercentView.swift */,
			);
			path = page;
			sourceTree = "<group>";
		};
		4CB9FF3F287741F9004F1BF6 /* search */ = {
			isa = PBXGroup;
			children = (
				4CB9FF402877437E004F1BF6 /* SearchScreen.swift */,
				4CB9FF61287AF001004F1BF6 /* SearchMediator.swift */,
				4CB9FF63287AF0C8004F1BF6 /* UserSearchItemView.swift */,
			);
			path = search;
			sourceTree = "<group>";
		};
		4CB9FF422877439A004F1BF6 /* main */ = {
			isa = PBXGroup;
			children = (
				4CB9FF4A287746B7004F1BF6 /* guests */,
				4CB9FF49287746B0004F1BF6 /* top */,
				4CB9FF48287746A8004F1BF6 /* chat */,
				4CB9FF472877469A004F1BF6 /* matches */,
				4CB9FF3F287741F9004F1BF6 /* search */,
				4CB9FF43287743C3004F1BF6 /* MainScreen.swift */,
				4CB9FF45287743D9004F1BF6 /* MainMediator.swift */,
			);
			path = main;
			sourceTree = "<group>";
		};
		4CB9FF472877469A004F1BF6 /* matches */ = {
			isa = PBXGroup;
			children = (
				4CB9FF5128774739004F1BF6 /* MatchesScreen.swift */,
			);
			path = matches;
			sourceTree = "<group>";
		};
		4CB9FF48287746A8004F1BF6 /* chat */ = {
			isa = PBXGroup;
			children = (
				4CB9FF4F2877472A004F1BF6 /* ChatListScreen.swift */,
			);
			path = chat;
			sourceTree = "<group>";
		};
		4CB9FF49287746B0004F1BF6 /* top */ = {
			isa = PBXGroup;
			children = (
				4CB9FF4D28774718004F1BF6 /* TopScreen.swift */,
			);
			path = top;
			sourceTree = "<group>";
		};
		4CB9FF4A287746B7004F1BF6 /* guests */ = {
			isa = PBXGroup;
			children = (
				4CB9FF4B287746F9004F1BF6 /* GuestsScreen.swift */,
				4CB9FFAB2885B4DA004F1BF6 /* GuestsMediator.swift */,
				4CB9FFAD2885BBFA004F1BF6 /* GuestListItemView.swift */,
				4CDD3B9C288867DA00793466 /* GuestListView.swift */,
			);
			path = guests;
			sourceTree = "<group>";
		};
		4CB9FF5528774FD6004F1BF6 /* navigation */ = {
			isa = PBXGroup;
			children = (
				4CB9FF532877477B004F1BF6 /* BottomMainNavigationView.swift */,
				4CB9FF562877500A004F1BF6 /* BottomMainNavigationItemView.swift */,
			);
			path = navigation;
			sourceTree = "<group>";
		};
		4CB9FF5C287AAD54004F1BF6 /* main */ = {
			isa = PBXGroup;
			children = (
				4CB9FF5D287AAD7D004F1BF6 /* MainHeaderImage.swift */,
				4CB9FF5F287AE103004F1BF6 /* DropDownView.swift */,
			);
			path = main;
			sourceTree = "<group>";
		};
		4CB9FF65287B31D4004F1BF6 /* mainOnline */ = {
			isa = PBXGroup;
			children = (
				4CB9FF69287B324C004F1BF6 /* MainOnlineBottomSheet.swift */,
				4CB9FF6D287B3476004F1BF6 /* OnlineMediator.swift */,
			);
			path = mainOnline;
			sourceTree = "<group>";
		};
		4CB9FF66287B31E8004F1BF6 /* mainLocation */ = {
			isa = PBXGroup;
			children = (
				4CB9FF67287B3210004F1BF6 /* MainLocationBottomSheet.swift */,
				4CB9FF6B287B3417004F1BF6 /* LocationMediator.swift */,
			);
			path = mainLocation;
			sourceTree = "<group>";
		};
		4CB9FF7628808D6E004F1BF6 /* Lottie */ = {
			isa = PBXGroup;
			children = (
				4CDD3B982888601000793466 /* no_data.json */,
				4CB9FF83288094C0004F1BF6 /* heart.json */,
				4CB9FF7928808E01004F1BF6 /* LottieView.swift */,
			);
			path = Lottie;
			sourceTree = "<group>";
		};
		4CB9FF892882D002004F1BF6 /* UserProfile */ = {
			isa = PBXGroup;
			children = (
				4CB9FF8A2882D02C004F1BF6 /* ProfileScreen.swift */,
				4CB9FF8C2882D2AF004F1BF6 /* ProfileMediator.swift */,
			);
			path = UserProfile;
			sourceTree = "<group>";
		};
		4CB9FF902883317E004F1BF6 /* profile */ = {
			isa = PBXGroup;
			children = (
				4CB9FF8E28832DAF004F1BF6 /* CoinsBoxView.swift */,
				4CB9FF91288331A2004F1BF6 /* ProfilePhotoLineView.swift */,
				4CB9FF9328833A56004F1BF6 /* DirrectionLineButtonView.swift */,
				4CB9FF9528834303004F1BF6 /* ImageLineItemView.swift */,
				4CB9FF97288345B7004F1BF6 /* LogoutButtonView.swift */,
				4CDD3B9E288874F200793466 /* ProfileButtonView.swift */,
			);
			path = profile;
			sourceTree = "<group>";
		};
		4CB9FF9B288427BA004F1BF6 /* OtherProfile */ = {
			isa = PBXGroup;
			children = (
				4CB9FF9C288427DA004F1BF6 /* AnotherProfileScreen.swift */,
				4CB9FF9E28842D87004F1BF6 /* AnotherProfileMediator.swift */,
			);
			path = OtherProfile;
			sourceTree = "<group>";
		};
		4CB9FFA2288453B2004F1BF6 /* anotherProfile */ = {
			isa = PBXGroup;
			children = (
				4CB9FFA3288453DA004F1BF6 /* AnotherProfileNavigationPanelView.swift */,
				4CB9FFA52884608D004F1BF6 /* AnotherProfileHeader.swift */,
				4CB9FFA728847808004F1BF6 /* AnotherProfileImageLineView.swift */,
			);
			path = anotherProfile;
			sourceTree = "<group>";
		};
		8AAFA1B0BD0B01F2CA3053CD /* Pods */ = {
			isa = PBXGroup;
			children = (
				580B6BBF9D7D1CE1D3B4B0AD /* Pods-BestDate.debug.xcconfig */,
				1EC4C3E25D74399C67FC188E /* Pods-BestDate.release.xcconfig */,
			);
			path = Pods;
			sourceTree = "<group>";
		};
		D1DE0595D92DC592C1D5A563 /* Frameworks */ = {
			isa = PBXGroup;
			children = (
				668E51C708FF2FD4DF518EA0 /* Pods_BestDate.framework */,
			);
			name = Frameworks;
			sourceTree = "<group>";
		};
/* End PBXGroup section */

/* Begin PBXNativeTarget section */
		4C8E7D7C284CC93F00D6E58D /* BestDate */ = {
			isa = PBXNativeTarget;
			buildConfigurationList = 4C8E7D8B284CC94900D6E58D /* Build configuration list for PBXNativeTarget "BestDate" */;
			buildPhases = (
				476DE1F5FDD882DDC0EA18A8 /* [CP] Check Pods Manifest.lock */,
				4C8E7D79284CC93F00D6E58D /* Sources */,
				4C8E7D7A284CC93F00D6E58D /* Frameworks */,
				4C8E7D7B284CC93F00D6E58D /* Resources */,
				7B4F03ED8D7C8A3781C1FCF1 /* [CP] Embed Pods Frameworks */,
				0D1746351D2CBDA7E0DC65D3 /* [CP] Copy Pods Resources */,
			);
			buildRules = (
			);
			dependencies = (
			);
			name = BestDate;
			packageProductDependencies = (
				4CB9FF7428808B3C004F1BF6 /* Lottie */,
			);
			productName = BestDate;
			productReference = 4C8E7D7D284CC93F00D6E58D /* BestDate.app */;
			productType = "com.apple.product-type.application";
		};
/* End PBXNativeTarget section */

/* Begin PBXProject section */
		4C8E7D75284CC93F00D6E58D /* Project object */ = {
			isa = PBXProject;
			attributes = {
				BuildIndependentTargetsInParallel = 1;
				LastSwiftUpdateCheck = 1340;
				LastUpgradeCheck = 1340;
				TargetAttributes = {
					4C8E7D7C284CC93F00D6E58D = {
						CreatedOnToolsVersion = 13.4;
					};
				};
			};
			buildConfigurationList = 4C8E7D78284CC93F00D6E58D /* Build configuration list for PBXProject "BestDate" */;
			compatibilityVersion = "Xcode 13.0";
			developmentRegion = en;
			hasScannedForEncodings = 0;
			knownRegions = (
				en,
				Base,
			);
			mainGroup = 4C8E7D74284CC93F00D6E58D;
			packageReferences = (
				4CB9FF7328808B3B004F1BF6 /* XCRemoteSwiftPackageReference "lottie-ios" */,
			);
			productRefGroup = 4C8E7D7E284CC93F00D6E58D /* Products */;
			projectDirPath = "";
			projectRoot = "";
			targets = (
				4C8E7D7C284CC93F00D6E58D /* BestDate */,
			);
		};
/* End PBXProject section */

/* Begin PBXResourcesBuildPhase section */
		4C8E7D7B284CC93F00D6E58D /* Resources */ = {
			isa = PBXResourcesBuildPhase;
			buildActionMask = 2147483647;
			files = (
				4CDD3B992888601000793466 /* no_data.json in Resources */,
				4C8E7D88284CC94900D6E58D /* Preview Assets.xcassets in Resources */,
				4C0E71E6284FB14A004099D4 /* Localizable.strings in Resources */,
				4C0E71E1284FAAF3004099D4 /* SansPro_regular.otf in Resources */,
				4C0E71DF284FAAF3004099D4 /* SansPro_bold.otf in Resources */,
				4C8E7D85284CC94900D6E58D /* Assets.xcassets in Resources */,
				4C0E71E0284FAAF3004099D4 /* SansPro_italic.otf in Resources */,
				4CB9FF84288094C0004F1BF6 /* heart.json in Resources */,
				4C1459072857926700558B6B /* SplashScreen.storyboard in Resources */,
			);
			runOnlyForDeploymentPostprocessing = 0;
		};
/* End PBXResourcesBuildPhase section */

/* Begin PBXShellScriptBuildPhase section */
		0D1746351D2CBDA7E0DC65D3 /* [CP] Copy Pods Resources */ = {
			isa = PBXShellScriptBuildPhase;
			buildActionMask = 2147483647;
			files = (
			);
			inputFileListPaths = (
				"${PODS_ROOT}/Target Support Files/Pods-BestDate/Pods-BestDate-resources-${CONFIGURATION}-input-files.xcfilelist",
			);
			name = "[CP] Copy Pods Resources";
			outputFileListPaths = (
				"${PODS_ROOT}/Target Support Files/Pods-BestDate/Pods-BestDate-resources-${CONFIGURATION}-output-files.xcfilelist",
			);
			runOnlyForDeploymentPostprocessing = 0;
			shellPath = /bin/sh;
			shellScript = "\"${PODS_ROOT}/Target Support Files/Pods-BestDate/Pods-BestDate-resources.sh\"\n";
			showEnvVarsInLog = 0;
		};
		476DE1F5FDD882DDC0EA18A8 /* [CP] Check Pods Manifest.lock */ = {
			isa = PBXShellScriptBuildPhase;
			buildActionMask = 2147483647;
			files = (
			);
			inputFileListPaths = (
			);
			inputPaths = (
				"${PODS_PODFILE_DIR_PATH}/Podfile.lock",
				"${PODS_ROOT}/Manifest.lock",
			);
			name = "[CP] Check Pods Manifest.lock";
			outputFileListPaths = (
			);
			outputPaths = (
				"$(DERIVED_FILE_DIR)/Pods-BestDate-checkManifestLockResult.txt",
			);
			runOnlyForDeploymentPostprocessing = 0;
			shellPath = /bin/sh;
			shellScript = "diff \"${PODS_PODFILE_DIR_PATH}/Podfile.lock\" \"${PODS_ROOT}/Manifest.lock\" > /dev/null\nif [ $? != 0 ] ; then\n    # print error to STDERR\n    echo \"error: The sandbox is not in sync with the Podfile.lock. Run 'pod install' or update your CocoaPods installation.\" >&2\n    exit 1\nfi\n# This output is used by Xcode 'outputs' to avoid re-running this script phase.\necho \"SUCCESS\" > \"${SCRIPT_OUTPUT_FILE_0}\"\n";
			showEnvVarsInLog = 0;
		};
		7B4F03ED8D7C8A3781C1FCF1 /* [CP] Embed Pods Frameworks */ = {
			isa = PBXShellScriptBuildPhase;
			buildActionMask = 2147483647;
			files = (
			);
			inputFileListPaths = (
				"${PODS_ROOT}/Target Support Files/Pods-BestDate/Pods-BestDate-frameworks-${CONFIGURATION}-input-files.xcfilelist",
			);
			name = "[CP] Embed Pods Frameworks";
			outputFileListPaths = (
				"${PODS_ROOT}/Target Support Files/Pods-BestDate/Pods-BestDate-frameworks-${CONFIGURATION}-output-files.xcfilelist",
			);
			runOnlyForDeploymentPostprocessing = 0;
			shellPath = /bin/sh;
			shellScript = "\"${PODS_ROOT}/Target Support Files/Pods-BestDate/Pods-BestDate-frameworks.sh\"\n";
			showEnvVarsInLog = 0;
		};
/* End PBXShellScriptBuildPhase section */

/* Begin PBXSourcesBuildPhase section */
		4C8E7D79284CC93F00D6E58D /* Sources */ = {
			isa = PBXSourcesBuildPhase;
			buildActionMask = 2147483647;
			files = (
				4CB9FF542877477B004F1BF6 /* BottomMainNavigationView.swift in Sources */,
				4C3D27CE28539CD300F8FD09 /* RegistrationOtpScreen.swift in Sources */,
				4C3D27C3285244F700F8FD09 /* StandardInputView.swift in Sources */,
				4C022A372858EE2B0043E49D /* ProfilePhotoScreen.swift in Sources */,
				4CB9FF6C287B3417004F1BF6 /* LocationMediator.swift in Sources */,
				4C5C86E32875DF43006DE024 /* ImageUtils.swift in Sources */,
				4CA2E238286765C100E514C4 /* SelectPageView.swift in Sources */,
				4CB9FF68287B3211004F1BF6 /* MainLocationBottomSheet.swift in Sources */,
				4CB9FF9A28842457004F1BF6 /* TextButton.swift in Sources */,
				4C5C86C2287336FD006DE024 /* MultySelectMediator.swift in Sources */,
				4CB9FF9428833A56004F1BF6 /* DirrectionLineButtonView.swift in Sources */,
				4C1458FF285661EA00558B6B /* PassRecoveryOTPScreen.swift in Sources */,
				4C1458F72855C8E900558B6B /* DateSelectView.swift in Sources */,
				4CB9FF6A287B324C004F1BF6 /* MainOnlineBottomSheet.swift in Sources */,
				4C3D27D02853A37F00F8FD09 /* BottomSheetList.swift in Sources */,
				4C5C86B228717200006DE024 /* RangeSelectView.swift in Sources */,
				4CB9FF72287F4028004F1BF6 /* StartScreen.swift in Sources */,
				4C8E7D99284D1E7B00D6E58D /* Color.swift in Sources */,
				4C3D27C528526FA100F8FD09 /* PasswordInputView.swift in Sources */,
				4C5C86E52875E20D006DE024 /* ImagesApiService.swift in Sources */,
				4C5C86CE28735EC5006DE024 /* CoreApiService.swift in Sources */,
				4C1459012856620300558B6B /* PassRecoverySetNewScreen.swift in Sources */,
				4C022A4328591A2B0043E49D /* BluredImageHeaderView.swift in Sources */,
				4CB9FF60287AE104004F1BF6 /* DropDownView.swift in Sources */,
				4CB9FF8F28832DAF004F1BF6 /* CoinsBoxView.swift in Sources */,
				4CB9FF9D288427DA004F1BF6 /* AnotherProfileScreen.swift in Sources */,
				4CB9FFA828847808004F1BF6 /* AnotherProfileImageLineView.swift in Sources */,
				4C5C86CA287359A5006DE024 /* CoreApiTypes.swift in Sources */,
				4C5C86C528734CE3006DE024 /* ConfirmationInfoView.swift in Sources */,
				4C1B7C21286B51F8000DB5D4 /* PercentView.swift in Sources */,
				4C8E7DA2284D222200D6E58D /* Action.swift in Sources */,
				4C3D27B9285110FA00F8FD09 /* StandardButton.swift in Sources */,
				4C5C86BC2871A5B4006DE024 /* CitySearchMediator.swift in Sources */,
				4CB9FF9628834303004F1BF6 /* ImageLineItemView.swift in Sources */,
				4C145905285664AA00558B6B /* RecoveryMediator.swift in Sources */,
				4CB9FF44287743C3004F1BF6 /* MainScreen.swift in Sources */,
				4C8E7DAC284D252300D6E58D /* OnboardStartScreen.swift in Sources */,
				4C5C86DD2874B18D006DE024 /* AuthMediator.swift in Sources */,
				4CB9FF92288331A2004F1BF6 /* ProfilePhotoLineView.swift in Sources */,
				4C3D27BC28511BB700F8FD09 /* Title.swift in Sources */,
				4C022A4128590BE10043E49D /* Media.swift in Sources */,
				4C1458F32855222A00558B6B /* GnderListItem.swift in Sources */,
				4C022A3B285903530043E49D /* HorisontalPhotoListView.swift in Sources */,
				4C1B7C28286B6D48000DB5D4 /* SingleSelectMediator.swift in Sources */,
				4C022A45285A38920043E49D /* SwichSelectorView.swift in Sources */,
				4CDD3B9B2888608D00793466 /* NoDataView.swift in Sources */,
				4C5C86C728734EC8006DE024 /* ConfirmationView.swift in Sources */,
				4C1458F028547DE600558B6B /* BaseBottomSheet.swift in Sources */,
				4CB9FF5E287AAD7D004F1BF6 /* MainHeaderImage.swift in Sources */,
				4C3D27C72852792000F8FD09 /* SecondStylesTextButton.swift in Sources */,
				4CB9FF412877437F004F1BF6 /* SearchScreen.swift in Sources */,
				4C022A51285F0AF10043E49D /* EdiorView.swift in Sources */,
				4C022A54285F90CC0043E49D /* PhotoViewer.swift in Sources */,
				4CA2E230286728D100E514C4 /* SurprizeBoxView.swift in Sources */,
				4C5C86BA2871A36B006DE024 /* SearchInputView.swift in Sources */,
				4CB9FF8D2882D2AF004F1BF6 /* ProfileMediator.swift in Sources */,
				4C8E7DA6284D233100D6E58D /* Reducer.swift in Sources */,
				4C0E71F1284FC9A6004099D4 /* OnboardSecondScreen.swift in Sources */,
				4CB9FF46287743D9004F1BF6 /* MainMediator.swift in Sources */,
				4C1B7C2F286CD8C4000DB5D4 /* SeekBarView.swift in Sources */,
				4C1458F528552BE500558B6B /* RegistrationMediator.swift in Sources */,
				4C0E71F3284FCE7C004099D4 /* BackButton.swift in Sources */,
				4CB9FF862881DD71004F1BF6 /* ChatApiService.swift in Sources */,
				4C1B7C1F286A3477000DB5D4 /* SingleSelectInfoView.swift in Sources */,
				4C1459032856627E00558B6B /* GeolocationScreen.swift in Sources */,
				4CB9FFA4288453DB004F1BF6 /* AnotherProfileNavigationPanelView.swift in Sources */,
				4CB9FF98288345B7004F1BF6 /* LogoutButtonView.swift in Sources */,
				4C5C86D62874A602006DE024 /* UserDataHolder.swift in Sources */,
				4C5C86EA2875FCC0006DE024 /* ImageLoader.swift in Sources */,
				4C5C86DF2874C033006DE024 /* BaseResponse.swift in Sources */,
				4CB9FF572877500A004F1BF6 /* BottomMainNavigationItemView.swift in Sources */,
				4C950D58284E6194004E2C13 /* Extension.swift in Sources */,
				4CB9FF4E28774718004F1BF6 /* TopScreen.swift in Sources */,
				4C3D27D32853A66A00F8FD09 /* GenderBottomSheet.swift in Sources */,
				4CB9FF62287AF001004F1BF6 /* SearchMediator.swift in Sources */,
				4C8E7DA8284D23D200D6E58D /* Store.swift in Sources */,
				4CB9FF502877472A004F1BF6 /* ChatListScreen.swift in Sources */,
				4CB9FF70287B3582004F1BF6 /* DarkBottomSheetItem.swift in Sources */,
				4CA2E23228672F4100E514C4 /* QuestionnaireMediator.swift in Sources */,
				4CB9FFA62884608E004F1BF6 /* AnotherProfileHeader.swift in Sources */,
				4C0E71EF284FC394004099D4 /* CircleImageButton.swift in Sources */,
				4CB9FF5228774739004F1BF6 /* MatchesScreen.swift in Sources */,
				4CB9FFAE2885BBFA004F1BF6 /* GuestListItemView.swift in Sources */,
				4CB9FF8B2882D02D004F1BF6 /* ProfileScreen.swift in Sources */,
				4C5C86C0287203B2006DE024 /* MultySelectView.swift in Sources */,
				4C022A4B285A470B0043E49D /* PhotoSettingsBottomSheet.swift in Sources */,
				4C950D5F284E7318004E2C13 /* AuthScreen.swift in Sources */,
				4C5C86DA2874AA5B006DE024 /* StringUtils.swift in Sources */,
				4CA2E23D286766EF00E514C4 /* PageHeaderView.swift in Sources */,
				4CA2E22B2867224B00E514C4 /* QuestionnaireScreen.swift in Sources */,
				4C5C86E128758F0E006DE024 /* FaceDetectorUtil.swift in Sources */,
				4C5C86AE28715A13006DE024 /* BaseBotomSheetMediator.swift in Sources */,
				4C5C86BE287202A4006DE024 /* QuestionnaireMultySelectBottomSheet.swift in Sources */,
				4C022A3F28590B8C0043E49D /* ImagePicker.swift in Sources */,
				4C1458FA2855E17100558B6B /* BaseOTPScreen.swift in Sources */,
				4CA2E22E2867286000E514C4 /* FillingProgressView.swift in Sources */,
				4CB9FF4C287746F9004F1BF6 /* GuestsScreen.swift in Sources */,
				4C3D27BE28511DCA00F8FD09 /* HeaderText.swift in Sources */,
				4C8E7DA4284D229B00D6E58D /* AppState.swift in Sources */,
				4C022A392858EE510043E49D /* PhotoEditingScreen.swift in Sources */,
				4C950D61284E78E8004E2C13 /* NavigationView.swift in Sources */,
				4C0E71ED284FB68E004099D4 /* CirclePointButton.swift in Sources */,
				4C5C86E82875FB57006DE024 /* AsyncImageView.swift in Sources */,
				4C3D27CC28539C8800F8FD09 /* RegistrationContinueScreen.swift in Sources */,
				4CA2E23428673D1A00E514C4 /* ProgressBarView.swift in Sources */,
				4CB9FFAC2885B4DB004F1BF6 /* GuestsMediator.swift in Sources */,
				4CB9FF6E287B3476004F1BF6 /* OnlineMediator.swift in Sources */,
				4C8E7D9C284D1F0700D6E58D /* ScreenList.swift in Sources */,
				4C8E7D81284CC93F00D6E58D /* BestDateApp.swift in Sources */,
				4C1B7C2C286CD5BD000DB5D4 /* QuestionnaireSeekBarBottomSheet.swift in Sources */,
				4CB9FF882881DDCB004F1BF6 /* NetworkLogger.swift in Sources */,
				4CA2E23F28676FA400E514C4 /* PageButtonsView.swift in Sources */,
				4CB9FFAA28847FF4004F1BF6 /* OverlayView.swift in Sources */,
				4CB9FF64287AF0C8004F1BF6 /* UserSearchItemView.swift in Sources */,
				4C5C86B5287174DD006DE024 /* RangeBarView.swift in Sources */,
				4CB9FF9F28842D87004F1BF6 /* AnotherProfileMediator.swift in Sources */,
				4C022A4D285B7E470043E49D /* PhotoEditorMediator.swift in Sources */,
				4C1B7C24286B67CF000DB5D4 /* QuestionnaireSingleSelectBottomSheet.swift in Sources */,
				4C5C86D42874A546006DE024 /* AuthResponse.swift in Sources */,
				4C022A48285A409E0043E49D /* SwitchButtonView.swift in Sources */,
				4CA2E2362867647A00E514C4 /* QuestionnairePageContainer.swift in Sources */,
				4C5C86D128749CE4006DE024 /* RequestModels.swift in Sources */,
				4CDD3B9F288874F200793466 /* ProfileButtonView.swift in Sources */,
				4CDD3B9D288867DA00793466 /* GuestListView.swift in Sources */,
				4C8E7D90284D1C4000D6E58D /* Font.swift in Sources */,
				4C3D27CA28539C3500F8FD09 /* RegistrationStartScreen.swift in Sources */,
				4C1458FD285661BF00558B6B /* PassRecoveryScreen.swift in Sources */,
				4CA2E23A286765D900E514C4 /* InputPageView.swift in Sources */,
				4C3D27D52853B0B500F8FD09 /* InfoView.swift in Sources */,
				4C3D27C0285120FC00F8FD09 /* SocialView.swift in Sources */,
				4C1B7C26286B6AFF000DB5D4 /* AnsferItemView.swift in Sources */,
				4C1B7C31286CD8D7000DB5D4 /* SeekBarButtonView.swift in Sources */,
				4CB9FF7A28808E01004F1BF6 /* LottieView.swift in Sources */,
				4C5C86B728719F2D006DE024 /* QuestionnaireSearchBotomSheet.swift in Sources */,
				4CB9FFA128842FC6004F1BF6 /* DateUtils.swift in Sources */,
				4C022A562864D3370043E49D /* NotCorrectPhotoBottomSheet.swift in Sources */,
			);
			runOnlyForDeploymentPostprocessing = 0;
		};
/* End PBXSourcesBuildPhase section */

/* Begin PBXVariantGroup section */
		4C0E71E8284FB14A004099D4 /* Localizable.strings */ = {
			isa = PBXVariantGroup;
			children = (
				4C0E71E7284FB14A004099D4 /* en */,
			);
			name = Localizable.strings;
			sourceTree = "<group>";
		};
/* End PBXVariantGroup section */

/* Begin XCBuildConfiguration section */
		4C8E7D89284CC94900D6E58D /* Debug */ = {
			isa = XCBuildConfiguration;
			buildSettings = {
				ALWAYS_SEARCH_USER_PATHS = NO;
				CLANG_ANALYZER_NONNULL = YES;
				CLANG_ANALYZER_NUMBER_OBJECT_CONVERSION = YES_AGGRESSIVE;
				CLANG_CXX_LANGUAGE_STANDARD = "gnu++17";
				CLANG_ENABLE_MODULES = YES;
				CLANG_ENABLE_OBJC_ARC = YES;
				CLANG_ENABLE_OBJC_WEAK = YES;
				CLANG_WARN_BLOCK_CAPTURE_AUTORELEASING = YES;
				CLANG_WARN_BOOL_CONVERSION = YES;
				CLANG_WARN_COMMA = YES;
				CLANG_WARN_CONSTANT_CONVERSION = YES;
				CLANG_WARN_DEPRECATED_OBJC_IMPLEMENTATIONS = YES;
				CLANG_WARN_DIRECT_OBJC_ISA_USAGE = YES_ERROR;
				CLANG_WARN_DOCUMENTATION_COMMENTS = YES;
				CLANG_WARN_EMPTY_BODY = YES;
				CLANG_WARN_ENUM_CONVERSION = YES;
				CLANG_WARN_INFINITE_RECURSION = YES;
				CLANG_WARN_INT_CONVERSION = YES;
				CLANG_WARN_NON_LITERAL_NULL_CONVERSION = YES;
				CLANG_WARN_OBJC_IMPLICIT_RETAIN_SELF = YES;
				CLANG_WARN_OBJC_LITERAL_CONVERSION = YES;
				CLANG_WARN_OBJC_ROOT_CLASS = YES_ERROR;
				CLANG_WARN_QUOTED_INCLUDE_IN_FRAMEWORK_HEADER = YES;
				CLANG_WARN_RANGE_LOOP_ANALYSIS = YES;
				CLANG_WARN_STRICT_PROTOTYPES = YES;
				CLANG_WARN_SUSPICIOUS_MOVE = YES;
				CLANG_WARN_UNGUARDED_AVAILABILITY = YES_AGGRESSIVE;
				CLANG_WARN_UNREACHABLE_CODE = YES;
				CLANG_WARN__DUPLICATE_METHOD_MATCH = YES;
				COPY_PHASE_STRIP = NO;
				DEBUG_INFORMATION_FORMAT = dwarf;
				ENABLE_STRICT_OBJC_MSGSEND = YES;
				ENABLE_TESTABILITY = YES;
				GCC_C_LANGUAGE_STANDARD = gnu11;
				GCC_DYNAMIC_NO_PIC = NO;
				GCC_NO_COMMON_BLOCKS = YES;
				GCC_OPTIMIZATION_LEVEL = 0;
				GCC_PREPROCESSOR_DEFINITIONS = (
					"DEBUG=1",
					"$(inherited)",
				);
				GCC_WARN_64_TO_32_BIT_CONVERSION = YES;
				GCC_WARN_ABOUT_RETURN_TYPE = YES_ERROR;
				GCC_WARN_UNDECLARED_SELECTOR = YES;
				GCC_WARN_UNINITIALIZED_AUTOS = YES_AGGRESSIVE;
				GCC_WARN_UNUSED_FUNCTION = YES;
				GCC_WARN_UNUSED_VARIABLE = YES;
				IPHONEOS_DEPLOYMENT_TARGET = 15.0;
				MTL_ENABLE_DEBUG_INFO = INCLUDE_SOURCE;
				MTL_FAST_MATH = YES;
				ONLY_ACTIVE_ARCH = YES;
				SDKROOT = iphoneos;
				SWIFT_ACTIVE_COMPILATION_CONDITIONS = DEBUG;
				SWIFT_OPTIMIZATION_LEVEL = "-Onone";
			};
			name = Debug;
		};
		4C8E7D8A284CC94900D6E58D /* Release */ = {
			isa = XCBuildConfiguration;
			buildSettings = {
				ALWAYS_SEARCH_USER_PATHS = NO;
				CLANG_ANALYZER_NONNULL = YES;
				CLANG_ANALYZER_NUMBER_OBJECT_CONVERSION = YES_AGGRESSIVE;
				CLANG_CXX_LANGUAGE_STANDARD = "gnu++17";
				CLANG_ENABLE_MODULES = YES;
				CLANG_ENABLE_OBJC_ARC = YES;
				CLANG_ENABLE_OBJC_WEAK = YES;
				CLANG_WARN_BLOCK_CAPTURE_AUTORELEASING = YES;
				CLANG_WARN_BOOL_CONVERSION = YES;
				CLANG_WARN_COMMA = YES;
				CLANG_WARN_CONSTANT_CONVERSION = YES;
				CLANG_WARN_DEPRECATED_OBJC_IMPLEMENTATIONS = YES;
				CLANG_WARN_DIRECT_OBJC_ISA_USAGE = YES_ERROR;
				CLANG_WARN_DOCUMENTATION_COMMENTS = YES;
				CLANG_WARN_EMPTY_BODY = YES;
				CLANG_WARN_ENUM_CONVERSION = YES;
				CLANG_WARN_INFINITE_RECURSION = YES;
				CLANG_WARN_INT_CONVERSION = YES;
				CLANG_WARN_NON_LITERAL_NULL_CONVERSION = YES;
				CLANG_WARN_OBJC_IMPLICIT_RETAIN_SELF = YES;
				CLANG_WARN_OBJC_LITERAL_CONVERSION = YES;
				CLANG_WARN_OBJC_ROOT_CLASS = YES_ERROR;
				CLANG_WARN_QUOTED_INCLUDE_IN_FRAMEWORK_HEADER = YES;
				CLANG_WARN_RANGE_LOOP_ANALYSIS = YES;
				CLANG_WARN_STRICT_PROTOTYPES = YES;
				CLANG_WARN_SUSPICIOUS_MOVE = YES;
				CLANG_WARN_UNGUARDED_AVAILABILITY = YES_AGGRESSIVE;
				CLANG_WARN_UNREACHABLE_CODE = YES;
				CLANG_WARN__DUPLICATE_METHOD_MATCH = YES;
				COPY_PHASE_STRIP = NO;
				DEBUG_INFORMATION_FORMAT = "dwarf-with-dsym";
				ENABLE_NS_ASSERTIONS = NO;
				ENABLE_STRICT_OBJC_MSGSEND = YES;
				GCC_C_LANGUAGE_STANDARD = gnu11;
				GCC_NO_COMMON_BLOCKS = YES;
				GCC_WARN_64_TO_32_BIT_CONVERSION = YES;
				GCC_WARN_ABOUT_RETURN_TYPE = YES_ERROR;
				GCC_WARN_UNDECLARED_SELECTOR = YES;
				GCC_WARN_UNINITIALIZED_AUTOS = YES_AGGRESSIVE;
				GCC_WARN_UNUSED_FUNCTION = YES;
				GCC_WARN_UNUSED_VARIABLE = YES;
				IPHONEOS_DEPLOYMENT_TARGET = 15.0;
				MTL_ENABLE_DEBUG_INFO = NO;
				MTL_FAST_MATH = YES;
				SDKROOT = iphoneos;
				SWIFT_COMPILATION_MODE = wholemodule;
				SWIFT_OPTIMIZATION_LEVEL = "-O";
				VALIDATE_PRODUCT = YES;
			};
			name = Release;
		};
		4C8E7D8C284CC94900D6E58D /* Debug */ = {
			isa = XCBuildConfiguration;
			baseConfigurationReference = 580B6BBF9D7D1CE1D3B4B0AD /* Pods-BestDate.debug.xcconfig */;
			buildSettings = {
				ASSETCATALOG_COMPILER_APPICON_NAME = AppIcon;
				ASSETCATALOG_COMPILER_GLOBAL_ACCENT_COLOR_NAME = AccentColor;
				CODE_SIGN_IDENTITY = "iPhone Distribution";
				CODE_SIGN_STYLE = Manual;
				CURRENT_PROJECT_VERSION = 1;
				DEVELOPMENT_ASSET_PATHS = "\"BestDate/Preview Content\"";
				DEVELOPMENT_TEAM = 7869H74LP9;
				ENABLE_PREVIEWS = YES;
				GENERATE_INFOPLIST_FILE = YES;
				INFOPLIST_FILE = BestDate/Info.plist;
				INFOPLIST_KEY_CFBundleDisplayName = "Best date";
				INFOPLIST_KEY_LSApplicationCategoryType = "";
				INFOPLIST_KEY_UIApplicationSceneManifest_Generation = YES;
				INFOPLIST_KEY_UIApplicationSupportsIndirectInputEvents = YES;
				INFOPLIST_KEY_UILaunchScreen_Generation = YES;
				INFOPLIST_KEY_UILaunchStoryboardName = SplashScreen;
				INFOPLIST_KEY_UIStatusBarHidden = NO;
				INFOPLIST_KEY_UISupportedInterfaceOrientations = UIInterfaceOrientationPortrait;
				INFOPLIST_KEY_UISupportedInterfaceOrientations_iPad = "UIInterfaceOrientationPortrait UIInterfaceOrientationPortraitUpsideDown UIInterfaceOrientationLandscapeLeft UIInterfaceOrientationLandscapeRight";
				INFOPLIST_KEY_UISupportedInterfaceOrientations_iPhone = "UIInterfaceOrientationPortrait UIInterfaceOrientationLandscapeLeft UIInterfaceOrientationLandscapeRight";
				LD_RUNPATH_SEARCH_PATHS = (
					"$(inherited)",
					"@executable_path/Frameworks",
				);
				MARKETING_VERSION = 1.0;
				PRODUCT_BUNDLE_IDENTIFIER = com.bestDate;
				PRODUCT_NAME = "$(TARGET_NAME)";
				PROVISIONING_PROFILE_SPECIFIER = BestDate;
				SWIFT_EMIT_LOC_STRINGS = YES;
				SWIFT_VERSION = 5.0;
				TARGETED_DEVICE_FAMILY = 1;
			};
			name = Debug;
		};
		4C8E7D8D284CC94900D6E58D /* Release */ = {
			isa = XCBuildConfiguration;
			baseConfigurationReference = 1EC4C3E25D74399C67FC188E /* Pods-BestDate.release.xcconfig */;
			buildSettings = {
				ASSETCATALOG_COMPILER_APPICON_NAME = AppIcon;
				ASSETCATALOG_COMPILER_GLOBAL_ACCENT_COLOR_NAME = AccentColor;
				CODE_SIGN_IDENTITY = "iPhone Distribution";
				CODE_SIGN_STYLE = Manual;
				CURRENT_PROJECT_VERSION = 1;
				DEVELOPMENT_ASSET_PATHS = "\"BestDate/Preview Content\"";
				DEVELOPMENT_TEAM = 7869H74LP9;
				ENABLE_PREVIEWS = YES;
				GENERATE_INFOPLIST_FILE = YES;
				INFOPLIST_FILE = BestDate/Info.plist;
				INFOPLIST_KEY_CFBundleDisplayName = "Best date";
				INFOPLIST_KEY_LSApplicationCategoryType = "";
				INFOPLIST_KEY_UIApplicationSceneManifest_Generation = YES;
				INFOPLIST_KEY_UIApplicationSupportsIndirectInputEvents = YES;
				INFOPLIST_KEY_UILaunchScreen_Generation = YES;
				INFOPLIST_KEY_UILaunchStoryboardName = SplashScreen;
				INFOPLIST_KEY_UIStatusBarHidden = NO;
				INFOPLIST_KEY_UISupportedInterfaceOrientations = UIInterfaceOrientationPortrait;
				INFOPLIST_KEY_UISupportedInterfaceOrientations_iPad = "UIInterfaceOrientationPortrait UIInterfaceOrientationPortraitUpsideDown UIInterfaceOrientationLandscapeLeft UIInterfaceOrientationLandscapeRight";
				INFOPLIST_KEY_UISupportedInterfaceOrientations_iPhone = "UIInterfaceOrientationPortrait UIInterfaceOrientationLandscapeLeft UIInterfaceOrientationLandscapeRight";
				LD_RUNPATH_SEARCH_PATHS = (
					"$(inherited)",
					"@executable_path/Frameworks",
				);
				MARKETING_VERSION = 1.0;
				PRODUCT_BUNDLE_IDENTIFIER = com.bestDate;
				PRODUCT_NAME = "$(TARGET_NAME)";
				PROVISIONING_PROFILE_SPECIFIER = BestDate;
				SWIFT_EMIT_LOC_STRINGS = YES;
				SWIFT_VERSION = 5.0;
				TARGETED_DEVICE_FAMILY = 1;
			};
			name = Release;
		};
/* End XCBuildConfiguration section */

/* Begin XCConfigurationList section */
		4C8E7D78284CC93F00D6E58D /* Build configuration list for PBXProject "BestDate" */ = {
			isa = XCConfigurationList;
			buildConfigurations = (
				4C8E7D89284CC94900D6E58D /* Debug */,
				4C8E7D8A284CC94900D6E58D /* Release */,
			);
			defaultConfigurationIsVisible = 0;
			defaultConfigurationName = Release;
		};
		4C8E7D8B284CC94900D6E58D /* Build configuration list for PBXNativeTarget "BestDate" */ = {
			isa = XCConfigurationList;
			buildConfigurations = (
				4C8E7D8C284CC94900D6E58D /* Debug */,
				4C8E7D8D284CC94900D6E58D /* Release */,
			);
			defaultConfigurationIsVisible = 0;
			defaultConfigurationName = Release;
		};
/* End XCConfigurationList section */

/* Begin XCRemoteSwiftPackageReference section */
		4CB9FF7328808B3B004F1BF6 /* XCRemoteSwiftPackageReference "lottie-ios" */ = {
			isa = XCRemoteSwiftPackageReference;
			repositoryURL = "https://github.com/airbnb/lottie-ios";
			requirement = {
				kind = upToNextMajorVersion;
				minimumVersion = 3.0.0;
			};
		};
/* End XCRemoteSwiftPackageReference section */

/* Begin XCSwiftPackageProductDependency section */
		4CB9FF7428808B3C004F1BF6 /* Lottie */ = {
			isa = XCSwiftPackageProductDependency;
			package = 4CB9FF7328808B3B004F1BF6 /* XCRemoteSwiftPackageReference "lottie-ios" */;
			productName = Lottie;
		};
/* End XCSwiftPackageProductDependency section */
	};
	rootObject = 4C8E7D75284CC93F00D6E58D /* Project object */;
}
