// !$*UTF8*$!
{
	archiveVersion = 1;
	classes = {
	};
	objectVersion = 55;
	objects = {

/* Begin PBXBuildFile section */
		4C022A372858EE2B0043E49D /* ProfilePhotoScreen.swift in Sources */ = {isa = PBXBuildFile; fileRef = 4C022A362858EE2B0043E49D /* ProfilePhotoScreen.swift */; };
		4C022A392858EE510043E49D /* PhotoEditingScreen.swift in Sources */ = {isa = PBXBuildFile; fileRef = 4C022A382858EE510043E49D /* PhotoEditingScreen.swift */; };
		4C022A3B285903530043E49D /* HorisontalPhotoListView.swift in Sources */ = {isa = PBXBuildFile; fileRef = 4C022A3A285903530043E49D /* HorisontalPhotoListView.swift */; };
		4C022A3F28590B8C0043E49D /* ImagePicker.swift in Sources */ = {isa = PBXBuildFile; fileRef = 4C022A3E28590B8C0043E49D /* ImagePicker.swift */; };
		4C022A4128590BE10043E49D /* Media.swift in Sources */ = {isa = PBXBuildFile; fileRef = 4C022A4028590BE10043E49D /* Media.swift */; };
		4C022A4328591A2B0043E49D /* BluredImageHeaderView.swift in Sources */ = {isa = PBXBuildFile; fileRef = 4C022A4228591A2B0043E49D /* BluredImageHeaderView.swift */; };
		4C022A45285A38920043E49D /* SwichSelectorView.swift in Sources */ = {isa = PBXBuildFile; fileRef = 4C022A44285A38920043E49D /* SwichSelectorView.swift */; };
		4C022A48285A409E0043E49D /* SwitchButtonView.swift in Sources */ = {isa = PBXBuildFile; fileRef = 4C022A47285A409E0043E49D /* SwitchButtonView.swift */; };
		4C022A4B285A470B0043E49D /* PhotoSettingsBottomSheet.swift in Sources */ = {isa = PBXBuildFile; fileRef = 4C022A4A285A470B0043E49D /* PhotoSettingsBottomSheet.swift */; };
		4C022A4D285B7E470043E49D /* PhotoEditorDataHolder.swift in Sources */ = {isa = PBXBuildFile; fileRef = 4C022A4C285B7E470043E49D /* PhotoEditorDataHolder.swift */; };
		4C022A51285F0AF10043E49D /* EdiorView.swift in Sources */ = {isa = PBXBuildFile; fileRef = 4C022A50285F0AF00043E49D /* EdiorView.swift */; };
		4C022A54285F90CC0043E49D /* PhotoViewer.swift in Sources */ = {isa = PBXBuildFile; fileRef = 4C022A53285F90CC0043E49D /* PhotoViewer.swift */; };
		4C022A562864D3370043E49D /* NotCorrectPhotoBottomSheet.swift in Sources */ = {isa = PBXBuildFile; fileRef = 4C022A552864D3370043E49D /* NotCorrectPhotoBottomSheet.swift */; };
		4C0E71DF284FAAF3004099D4 /* SansPro_bold.otf in Resources */ = {isa = PBXBuildFile; fileRef = 4C0E71DC284FAAF3004099D4 /* SansPro_bold.otf */; };
		4C0E71E0284FAAF3004099D4 /* SansPro_italic.otf in Resources */ = {isa = PBXBuildFile; fileRef = 4C0E71DD284FAAF3004099D4 /* SansPro_italic.otf */; };
		4C0E71E1284FAAF3004099D4 /* SansPro_regular.otf in Resources */ = {isa = PBXBuildFile; fileRef = 4C0E71DE284FAAF3004099D4 /* SansPro_regular.otf */; };
		4C0E71E6284FB14A004099D4 /* Localizable.strings in Resources */ = {isa = PBXBuildFile; fileRef = 4C0E71E8284FB14A004099D4 /* Localizable.strings */; };
		4C0E71ED284FB68E004099D4 /* CirclePointButton.swift in Sources */ = {isa = PBXBuildFile; fileRef = 4C0E71EC284FB68E004099D4 /* CirclePointButton.swift */; };
		4C0E71EF284FC394004099D4 /* CircleImageButton.swift in Sources */ = {isa = PBXBuildFile; fileRef = 4C0E71EE284FC394004099D4 /* CircleImageButton.swift */; };
		4C0E71F1284FC9A6004099D4 /* OnboardSecondScreen.swift in Sources */ = {isa = PBXBuildFile; fileRef = 4C0E71F0284FC9A5004099D4 /* OnboardSecondScreen.swift */; };
		4C0E71F3284FCE7C004099D4 /* BackButton.swift in Sources */ = {isa = PBXBuildFile; fileRef = 4C0E71F2284FCE7C004099D4 /* BackButton.swift */; };
		4C1458F028547DE600558B6B /* BaseBottomSheet.swift in Sources */ = {isa = PBXBuildFile; fileRef = 4C1458EF28547DE600558B6B /* BaseBottomSheet.swift */; };
		4C1458F32855222A00558B6B /* GnderListItem.swift in Sources */ = {isa = PBXBuildFile; fileRef = 4C1458F22855222A00558B6B /* GnderListItem.swift */; };
		4C1458F528552BE500558B6B /* RegistrationDataHolder.swift in Sources */ = {isa = PBXBuildFile; fileRef = 4C1458F428552BE500558B6B /* RegistrationDataHolder.swift */; };
		4C1458F72855C8E900558B6B /* DateSelectView.swift in Sources */ = {isa = PBXBuildFile; fileRef = 4C1458F62855C8E900558B6B /* DateSelectView.swift */; };
		4C1458FA2855E17100558B6B /* BaseOTPScreen.swift in Sources */ = {isa = PBXBuildFile; fileRef = 4C1458F92855E17100558B6B /* BaseOTPScreen.swift */; };
		4C1458FD285661BF00558B6B /* PassRecoveryScreen.swift in Sources */ = {isa = PBXBuildFile; fileRef = 4C1458FC285661BF00558B6B /* PassRecoveryScreen.swift */; };
		4C1458FF285661EA00558B6B /* PassRecoveryOTPScreen.swift in Sources */ = {isa = PBXBuildFile; fileRef = 4C1458FE285661EA00558B6B /* PassRecoveryOTPScreen.swift */; };
		4C1459012856620300558B6B /* PassRecoverySetNewScreen.swift in Sources */ = {isa = PBXBuildFile; fileRef = 4C1459002856620300558B6B /* PassRecoverySetNewScreen.swift */; };
		4C1459032856627E00558B6B /* GeolocationScreen.swift in Sources */ = {isa = PBXBuildFile; fileRef = 4C1459022856627E00558B6B /* GeolocationScreen.swift */; };
		4C145905285664AA00558B6B /* RecoveryDataHolder.swift in Sources */ = {isa = PBXBuildFile; fileRef = 4C145904285664AA00558B6B /* RecoveryDataHolder.swift */; };
		4C1459072857926700558B6B /* SplashScreen.storyboard in Resources */ = {isa = PBXBuildFile; fileRef = 4C1459062857926700558B6B /* SplashScreen.storyboard */; };
		4C3D27B9285110FA00F8FD09 /* StandardButton.swift in Sources */ = {isa = PBXBuildFile; fileRef = 4C3D27B8285110F800F8FD09 /* StandardButton.swift */; };
		4C3D27BC28511BB700F8FD09 /* Title.swift in Sources */ = {isa = PBXBuildFile; fileRef = 4C3D27BB28511BB600F8FD09 /* Title.swift */; };
		4C3D27BE28511DCA00F8FD09 /* HeaderText.swift in Sources */ = {isa = PBXBuildFile; fileRef = 4C3D27BD28511DCA00F8FD09 /* HeaderText.swift */; };
		4C3D27C0285120FC00F8FD09 /* SocialView.swift in Sources */ = {isa = PBXBuildFile; fileRef = 4C3D27BF285120FC00F8FD09 /* SocialView.swift */; };
		4C3D27C3285244F700F8FD09 /* StandardInputView.swift in Sources */ = {isa = PBXBuildFile; fileRef = 4C3D27C2285244F700F8FD09 /* StandardInputView.swift */; };
		4C3D27C528526FA100F8FD09 /* PasswordInputView.swift in Sources */ = {isa = PBXBuildFile; fileRef = 4C3D27C428526FA100F8FD09 /* PasswordInputView.swift */; };
		4C3D27C72852792000F8FD09 /* SecondStylesTextButton.swift in Sources */ = {isa = PBXBuildFile; fileRef = 4C3D27C62852792000F8FD09 /* SecondStylesTextButton.swift */; };
		4C3D27CA28539C3500F8FD09 /* RegistrationStartScreen.swift in Sources */ = {isa = PBXBuildFile; fileRef = 4C3D27C928539C3500F8FD09 /* RegistrationStartScreen.swift */; };
		4C3D27CC28539C8800F8FD09 /* RegistrationContinueScreen.swift in Sources */ = {isa = PBXBuildFile; fileRef = 4C3D27CB28539C8800F8FD09 /* RegistrationContinueScreen.swift */; };
		4C3D27CE28539CD300F8FD09 /* RegistrationOtpScreen.swift in Sources */ = {isa = PBXBuildFile; fileRef = 4C3D27CD28539CD300F8FD09 /* RegistrationOtpScreen.swift */; };
		4C3D27D02853A37F00F8FD09 /* BottomSheetList.swift in Sources */ = {isa = PBXBuildFile; fileRef = 4C3D27CF2853A37F00F8FD09 /* BottomSheetList.swift */; };
		4C3D27D32853A66A00F8FD09 /* GenderBottomSheet.swift in Sources */ = {isa = PBXBuildFile; fileRef = 4C3D27D22853A66A00F8FD09 /* GenderBottomSheet.swift */; };
		4C3D27D52853B0B500F8FD09 /* InfoView.swift in Sources */ = {isa = PBXBuildFile; fileRef = 4C3D27D42853B0B500F8FD09 /* InfoView.swift */; };
		4C8E7D81284CC93F00D6E58D /* BestDateApp.swift in Sources */ = {isa = PBXBuildFile; fileRef = 4C8E7D80284CC93F00D6E58D /* BestDateApp.swift */; };
		4C8E7D85284CC94900D6E58D /* Assets.xcassets in Resources */ = {isa = PBXBuildFile; fileRef = 4C8E7D84284CC94900D6E58D /* Assets.xcassets */; };
		4C8E7D88284CC94900D6E58D /* Preview Assets.xcassets in Resources */ = {isa = PBXBuildFile; fileRef = 4C8E7D87284CC94900D6E58D /* Preview Assets.xcassets */; };
		4C8E7D90284D1C4000D6E58D /* Font.swift in Sources */ = {isa = PBXBuildFile; fileRef = 4C8E7D8F284D1C4000D6E58D /* Font.swift */; };
		4C8E7D99284D1E7B00D6E58D /* Color.swift in Sources */ = {isa = PBXBuildFile; fileRef = 4C8E7D98284D1E7B00D6E58D /* Color.swift */; };
		4C8E7D9C284D1F0700D6E58D /* ScreenList.swift in Sources */ = {isa = PBXBuildFile; fileRef = 4C8E7D9B284D1F0700D6E58D /* ScreenList.swift */; };
		4C8E7DA2284D222200D6E58D /* Action.swift in Sources */ = {isa = PBXBuildFile; fileRef = 4C8E7DA1284D222200D6E58D /* Action.swift */; };
		4C8E7DA4284D229B00D6E58D /* AppState.swift in Sources */ = {isa = PBXBuildFile; fileRef = 4C8E7DA3284D229B00D6E58D /* AppState.swift */; };
		4C8E7DA6284D233100D6E58D /* Reducer.swift in Sources */ = {isa = PBXBuildFile; fileRef = 4C8E7DA5284D233100D6E58D /* Reducer.swift */; };
		4C8E7DA8284D23D200D6E58D /* Store.swift in Sources */ = {isa = PBXBuildFile; fileRef = 4C8E7DA7284D23D200D6E58D /* Store.swift */; };
		4C8E7DAC284D252300D6E58D /* OnboardStartScreen.swift in Sources */ = {isa = PBXBuildFile; fileRef = 4C8E7DAB284D252300D6E58D /* OnboardStartScreen.swift */; };
		4C950D58284E6194004E2C13 /* Extension.swift in Sources */ = {isa = PBXBuildFile; fileRef = 4C950D57284E6194004E2C13 /* Extension.swift */; };
		4C950D5F284E7318004E2C13 /* AuthScreen.swift in Sources */ = {isa = PBXBuildFile; fileRef = 4C950D5E284E7318004E2C13 /* AuthScreen.swift */; };
		4C950D61284E78E8004E2C13 /* NavigationView.swift in Sources */ = {isa = PBXBuildFile; fileRef = 4C950D60284E78E8004E2C13 /* NavigationView.swift */; };
		4C950D63284E7D8B004E2C13 /* TextButton.swift in Sources */ = {isa = PBXBuildFile; fileRef = 4C950D62284E7D8B004E2C13 /* TextButton.swift */; };
/* End PBXBuildFile section */

/* Begin PBXFileReference section */
		4C022A362858EE2B0043E49D /* ProfilePhotoScreen.swift */ = {isa = PBXFileReference; lastKnownFileType = sourcecode.swift; path = ProfilePhotoScreen.swift; sourceTree = "<group>"; };
		4C022A382858EE510043E49D /* PhotoEditingScreen.swift */ = {isa = PBXFileReference; lastKnownFileType = sourcecode.swift; path = PhotoEditingScreen.swift; sourceTree = "<group>"; };
		4C022A3A285903530043E49D /* HorisontalPhotoListView.swift */ = {isa = PBXFileReference; lastKnownFileType = sourcecode.swift; path = HorisontalPhotoListView.swift; sourceTree = "<group>"; };
		4C022A3E28590B8C0043E49D /* ImagePicker.swift */ = {isa = PBXFileReference; lastKnownFileType = sourcecode.swift; path = ImagePicker.swift; sourceTree = "<group>"; };
		4C022A4028590BE10043E49D /* Media.swift */ = {isa = PBXFileReference; lastKnownFileType = sourcecode.swift; path = Media.swift; sourceTree = "<group>"; };
		4C022A4228591A2B0043E49D /* BluredImageHeaderView.swift */ = {isa = PBXFileReference; lastKnownFileType = sourcecode.swift; path = BluredImageHeaderView.swift; sourceTree = "<group>"; };
		4C022A44285A38920043E49D /* SwichSelectorView.swift */ = {isa = PBXFileReference; lastKnownFileType = sourcecode.swift; path = SwichSelectorView.swift; sourceTree = "<group>"; };
		4C022A47285A409E0043E49D /* SwitchButtonView.swift */ = {isa = PBXFileReference; lastKnownFileType = sourcecode.swift; path = SwitchButtonView.swift; sourceTree = "<group>"; };
		4C022A4A285A470B0043E49D /* PhotoSettingsBottomSheet.swift */ = {isa = PBXFileReference; lastKnownFileType = sourcecode.swift; path = PhotoSettingsBottomSheet.swift; sourceTree = "<group>"; };
		4C022A4C285B7E470043E49D /* PhotoEditorDataHolder.swift */ = {isa = PBXFileReference; lastKnownFileType = sourcecode.swift; path = PhotoEditorDataHolder.swift; sourceTree = "<group>"; };
		4C022A50285F0AF00043E49D /* EdiorView.swift */ = {isa = PBXFileReference; lastKnownFileType = sourcecode.swift; path = EdiorView.swift; sourceTree = "<group>"; };
		4C022A53285F90CC0043E49D /* PhotoViewer.swift */ = {isa = PBXFileReference; lastKnownFileType = sourcecode.swift; path = PhotoViewer.swift; sourceTree = "<group>"; };
		4C022A552864D3370043E49D /* NotCorrectPhotoBottomSheet.swift */ = {isa = PBXFileReference; lastKnownFileType = sourcecode.swift; path = NotCorrectPhotoBottomSheet.swift; sourceTree = "<group>"; };
		4C0E71DC284FAAF3004099D4 /* SansPro_bold.otf */ = {isa = PBXFileReference; lastKnownFileType = file; path = SansPro_bold.otf; sourceTree = "<group>"; };
		4C0E71DD284FAAF3004099D4 /* SansPro_italic.otf */ = {isa = PBXFileReference; lastKnownFileType = file; path = SansPro_italic.otf; sourceTree = "<group>"; };
		4C0E71DE284FAAF3004099D4 /* SansPro_regular.otf */ = {isa = PBXFileReference; lastKnownFileType = file; path = SansPro_regular.otf; sourceTree = "<group>"; };
		4C0E71E7284FB14A004099D4 /* en */ = {isa = PBXFileReference; lastKnownFileType = text.plist.strings; name = en; path = en.lproj/Localizable.strings; sourceTree = "<group>"; };
		4C0E71EC284FB68E004099D4 /* CirclePointButton.swift */ = {isa = PBXFileReference; lastKnownFileType = sourcecode.swift; path = CirclePointButton.swift; sourceTree = "<group>"; };
		4C0E71EE284FC394004099D4 /* CircleImageButton.swift */ = {isa = PBXFileReference; lastKnownFileType = sourcecode.swift; path = CircleImageButton.swift; sourceTree = "<group>"; };
		4C0E71F0284FC9A5004099D4 /* OnboardSecondScreen.swift */ = {isa = PBXFileReference; lastKnownFileType = sourcecode.swift; path = OnboardSecondScreen.swift; sourceTree = "<group>"; };
		4C0E71F2284FCE7C004099D4 /* BackButton.swift */ = {isa = PBXFileReference; lastKnownFileType = sourcecode.swift; path = BackButton.swift; sourceTree = "<group>"; };
		4C1458EF28547DE600558B6B /* BaseBottomSheet.swift */ = {isa = PBXFileReference; lastKnownFileType = sourcecode.swift; path = BaseBottomSheet.swift; sourceTree = "<group>"; };
		4C1458F22855222A00558B6B /* GnderListItem.swift */ = {isa = PBXFileReference; lastKnownFileType = sourcecode.swift; path = GnderListItem.swift; sourceTree = "<group>"; };
		4C1458F428552BE500558B6B /* RegistrationDataHolder.swift */ = {isa = PBXFileReference; lastKnownFileType = sourcecode.swift; path = RegistrationDataHolder.swift; sourceTree = "<group>"; };
		4C1458F62855C8E900558B6B /* DateSelectView.swift */ = {isa = PBXFileReference; lastKnownFileType = sourcecode.swift; path = DateSelectView.swift; sourceTree = "<group>"; };
		4C1458F92855E17100558B6B /* BaseOTPScreen.swift */ = {isa = PBXFileReference; lastKnownFileType = sourcecode.swift; path = BaseOTPScreen.swift; sourceTree = "<group>"; };
		4C1458FC285661BF00558B6B /* PassRecoveryScreen.swift */ = {isa = PBXFileReference; lastKnownFileType = sourcecode.swift; path = PassRecoveryScreen.swift; sourceTree = "<group>"; };
		4C1458FE285661EA00558B6B /* PassRecoveryOTPScreen.swift */ = {isa = PBXFileReference; lastKnownFileType = sourcecode.swift; path = PassRecoveryOTPScreen.swift; sourceTree = "<group>"; };
		4C1459002856620300558B6B /* PassRecoverySetNewScreen.swift */ = {isa = PBXFileReference; lastKnownFileType = sourcecode.swift; path = PassRecoverySetNewScreen.swift; sourceTree = "<group>"; };
		4C1459022856627E00558B6B /* GeolocationScreen.swift */ = {isa = PBXFileReference; lastKnownFileType = sourcecode.swift; path = GeolocationScreen.swift; sourceTree = "<group>"; };
		4C145904285664AA00558B6B /* RecoveryDataHolder.swift */ = {isa = PBXFileReference; lastKnownFileType = sourcecode.swift; path = RecoveryDataHolder.swift; sourceTree = "<group>"; };
		4C1459062857926700558B6B /* SplashScreen.storyboard */ = {isa = PBXFileReference; lastKnownFileType = file.storyboard; path = SplashScreen.storyboard; sourceTree = "<group>"; };
		4C3D27B8285110F800F8FD09 /* StandardButton.swift */ = {isa = PBXFileReference; lastKnownFileType = sourcecode.swift; path = StandardButton.swift; sourceTree = "<group>"; };
		4C3D27BB28511BB600F8FD09 /* Title.swift */ = {isa = PBXFileReference; lastKnownFileType = sourcecode.swift; path = Title.swift; sourceTree = "<group>"; };
		4C3D27BD28511DCA00F8FD09 /* HeaderText.swift */ = {isa = PBXFileReference; lastKnownFileType = sourcecode.swift; path = HeaderText.swift; sourceTree = "<group>"; };
		4C3D27BF285120FC00F8FD09 /* SocialView.swift */ = {isa = PBXFileReference; lastKnownFileType = sourcecode.swift; path = SocialView.swift; sourceTree = "<group>"; };
		4C3D27C2285244F700F8FD09 /* StandardInputView.swift */ = {isa = PBXFileReference; lastKnownFileType = sourcecode.swift; path = StandardInputView.swift; sourceTree = "<group>"; };
		4C3D27C428526FA100F8FD09 /* PasswordInputView.swift */ = {isa = PBXFileReference; lastKnownFileType = sourcecode.swift; path = PasswordInputView.swift; sourceTree = "<group>"; };
		4C3D27C62852792000F8FD09 /* SecondStylesTextButton.swift */ = {isa = PBXFileReference; lastKnownFileType = sourcecode.swift; path = SecondStylesTextButton.swift; sourceTree = "<group>"; };
		4C3D27C928539C3500F8FD09 /* RegistrationStartScreen.swift */ = {isa = PBXFileReference; lastKnownFileType = sourcecode.swift; path = RegistrationStartScreen.swift; sourceTree = "<group>"; };
		4C3D27CB28539C8800F8FD09 /* RegistrationContinueScreen.swift */ = {isa = PBXFileReference; lastKnownFileType = sourcecode.swift; path = RegistrationContinueScreen.swift; sourceTree = "<group>"; };
		4C3D27CD28539CD300F8FD09 /* RegistrationOtpScreen.swift */ = {isa = PBXFileReference; lastKnownFileType = sourcecode.swift; path = RegistrationOtpScreen.swift; sourceTree = "<group>"; };
		4C3D27CF2853A37F00F8FD09 /* BottomSheetList.swift */ = {isa = PBXFileReference; lastKnownFileType = sourcecode.swift; path = BottomSheetList.swift; sourceTree = "<group>"; };
		4C3D27D22853A66A00F8FD09 /* GenderBottomSheet.swift */ = {isa = PBXFileReference; lastKnownFileType = sourcecode.swift; path = GenderBottomSheet.swift; sourceTree = "<group>"; };
		4C3D27D42853B0B500F8FD09 /* InfoView.swift */ = {isa = PBXFileReference; lastKnownFileType = sourcecode.swift; path = InfoView.swift; sourceTree = "<group>"; };
		4C8E7D7D284CC93F00D6E58D /* BestDate.app */ = {isa = PBXFileReference; explicitFileType = wrapper.application; includeInIndex = 0; path = BestDate.app; sourceTree = BUILT_PRODUCTS_DIR; };
		4C8E7D80284CC93F00D6E58D /* BestDateApp.swift */ = {isa = PBXFileReference; lastKnownFileType = sourcecode.swift; path = BestDateApp.swift; sourceTree = "<group>"; };
		4C8E7D84284CC94900D6E58D /* Assets.xcassets */ = {isa = PBXFileReference; lastKnownFileType = folder.assetcatalog; path = Assets.xcassets; sourceTree = "<group>"; };
		4C8E7D87284CC94900D6E58D /* Preview Assets.xcassets */ = {isa = PBXFileReference; lastKnownFileType = folder.assetcatalog; path = "Preview Assets.xcassets"; sourceTree = "<group>"; };
		4C8E7D8F284D1C4000D6E58D /* Font.swift */ = {isa = PBXFileReference; lastKnownFileType = sourcecode.swift; path = Font.swift; sourceTree = "<group>"; };
		4C8E7D98284D1E7B00D6E58D /* Color.swift */ = {isa = PBXFileReference; lastKnownFileType = sourcecode.swift; path = Color.swift; sourceTree = "<group>"; };
		4C8E7D9B284D1F0700D6E58D /* ScreenList.swift */ = {isa = PBXFileReference; lastKnownFileType = sourcecode.swift; path = ScreenList.swift; sourceTree = "<group>"; };
		4C8E7DA1284D222200D6E58D /* Action.swift */ = {isa = PBXFileReference; lastKnownFileType = sourcecode.swift; path = Action.swift; sourceTree = "<group>"; };
		4C8E7DA3284D229B00D6E58D /* AppState.swift */ = {isa = PBXFileReference; lastKnownFileType = sourcecode.swift; path = AppState.swift; sourceTree = "<group>"; };
		4C8E7DA5284D233100D6E58D /* Reducer.swift */ = {isa = PBXFileReference; lastKnownFileType = sourcecode.swift; path = Reducer.swift; sourceTree = "<group>"; };
		4C8E7DA7284D23D200D6E58D /* Store.swift */ = {isa = PBXFileReference; lastKnownFileType = sourcecode.swift; path = Store.swift; sourceTree = "<group>"; };
		4C8E7DAB284D252300D6E58D /* OnboardStartScreen.swift */ = {isa = PBXFileReference; lastKnownFileType = sourcecode.swift; path = OnboardStartScreen.swift; sourceTree = "<group>"; };
		4C950D57284E6194004E2C13 /* Extension.swift */ = {isa = PBXFileReference; lastKnownFileType = sourcecode.swift; path = Extension.swift; sourceTree = "<group>"; };
		4C950D59284E6C4C004E2C13 /* Info.plist */ = {isa = PBXFileReference; lastKnownFileType = text.plist; path = Info.plist; sourceTree = "<group>"; };
		4C950D5E284E7318004E2C13 /* AuthScreen.swift */ = {isa = PBXFileReference; lastKnownFileType = sourcecode.swift; path = AuthScreen.swift; sourceTree = "<group>"; };
		4C950D60284E78E8004E2C13 /* NavigationView.swift */ = {isa = PBXFileReference; lastKnownFileType = sourcecode.swift; path = NavigationView.swift; sourceTree = "<group>"; };
		4C950D62284E7D8B004E2C13 /* TextButton.swift */ = {isa = PBXFileReference; lastKnownFileType = sourcecode.swift; name = TextButton.swift; path = "../New Group/TextButton.swift"; sourceTree = "<group>"; };
/* End PBXFileReference section */

/* Begin PBXFrameworksBuildPhase section */
		4C8E7D7A284CC93F00D6E58D /* Frameworks */ = {
			isa = PBXFrameworksBuildPhase;
			buildActionMask = 2147483647;
			files = (
			);
			runOnlyForDeploymentPostprocessing = 0;
		};
/* End PBXFrameworksBuildPhase section */

/* Begin PBXGroup section */
		4C022A352858ED570043E49D /* profile photo */ = {
			isa = PBXGroup;
			children = (
				4C022A362858EE2B0043E49D /* ProfilePhotoScreen.swift */,
				4C022A382858EE510043E49D /* PhotoEditingScreen.swift */,
				4C022A4C285B7E470043E49D /* PhotoEditorDataHolder.swift */,
			);
			path = "profile photo";
			sourceTree = "<group>";
		};
		4C022A3C28590B600043E49D /* utils */ = {
			isa = PBXGroup;
			children = (
				4C022A52285F90A50043E49D /* Zoomable */,
				4C022A3D28590B6A0043E49D /* imagePicker */,
			);
			path = utils;
			sourceTree = "<group>";
		};
		4C022A3D28590B6A0043E49D /* imagePicker */ = {
			isa = PBXGroup;
			children = (
				4C022A3E28590B8C0043E49D /* ImagePicker.swift */,
				4C022A4028590BE10043E49D /* Media.swift */,
			);
			path = imagePicker;
			sourceTree = "<group>";
		};
		4C022A46285A40700043E49D /* switchSelector */ = {
			isa = PBXGroup;
			children = (
				4C022A44285A38920043E49D /* SwichSelectorView.swift */,
				4C022A47285A409E0043E49D /* SwitchButtonView.swift */,
			);
			path = switchSelector;
			sourceTree = "<group>";
		};
		4C022A49285A465E0043E49D /* PhotoSettingsSheet */ = {
			isa = PBXGroup;
			children = (
				4C022A4A285A470B0043E49D /* PhotoSettingsBottomSheet.swift */,
			);
			path = PhotoSettingsSheet;
			sourceTree = "<group>";
		};
		4C022A52285F90A50043E49D /* Zoomable */ = {
			isa = PBXGroup;
			children = (
				4C022A53285F90CC0043E49D /* PhotoViewer.swift */,
			);
			path = Zoomable;
			sourceTree = "<group>";
		};
		4C0E71EB284FB60F004099D4 /* butons */ = {
			isa = PBXGroup;
			children = (
				4C950D62284E7D8B004E2C13 /* TextButton.swift */,
				4C0E71EC284FB68E004099D4 /* CirclePointButton.swift */,
				4C0E71EE284FC394004099D4 /* CircleImageButton.swift */,
				4C0E71F2284FCE7C004099D4 /* BackButton.swift */,
				4C3D27B8285110F800F8FD09 /* StandardButton.swift */,
				4C3D27C62852792000F8FD09 /* SecondStylesTextButton.swift */,
			);
			path = butons;
			sourceTree = "<group>";
		};
		4C1458F12855202D00558B6B /* GenderSheet */ = {
			isa = PBXGroup;
			children = (
				4C3D27D22853A66A00F8FD09 /* GenderBottomSheet.swift */,
				4C1458F22855222A00558B6B /* GnderListItem.swift */,
			);
			path = GenderSheet;
			sourceTree = "<group>";
		};
		4C1458F82855E15900558B6B /* base */ = {
			isa = PBXGroup;
			children = (
				4C1458F92855E17100558B6B /* BaseOTPScreen.swift */,
			);
			path = base;
			sourceTree = "<group>";
		};
		4C1458FB285660F800558B6B /* recovery */ = {
			isa = PBXGroup;
			children = (
				4C1458FC285661BF00558B6B /* PassRecoveryScreen.swift */,
				4C1458FE285661EA00558B6B /* PassRecoveryOTPScreen.swift */,
				4C1459002856620300558B6B /* PassRecoverySetNewScreen.swift */,
				4C145904285664AA00558B6B /* RecoveryDataHolder.swift */,
			);
			path = recovery;
			sourceTree = "<group>";
		};
		4C3D27BA28511B9A00F8FD09 /* textViews */ = {
			isa = PBXGroup;
			children = (
				4C3D27BB28511BB600F8FD09 /* Title.swift */,
				4C3D27BD28511DCA00F8FD09 /* HeaderText.swift */,
			);
			path = textViews;
			sourceTree = "<group>";
		};
		4C3D27C1285244B100F8FD09 /* inputs */ = {
			isa = PBXGroup;
			children = (
				4C3D27D42853B0B500F8FD09 /* InfoView.swift */,
				4C3D27C2285244F700F8FD09 /* StandardInputView.swift */,
				4C3D27C428526FA100F8FD09 /* PasswordInputView.swift */,
				4C1458F62855C8E900558B6B /* DateSelectView.swift */,
			);
			path = inputs;
			sourceTree = "<group>";
		};
		4C3D27C828539BAE00F8FD09 /* registration */ = {
			isa = PBXGroup;
			children = (
				4C3D27C928539C3500F8FD09 /* RegistrationStartScreen.swift */,
				4C3D27CB28539C8800F8FD09 /* RegistrationContinueScreen.swift */,
				4C3D27CD28539CD300F8FD09 /* RegistrationOtpScreen.swift */,
				4C1458F428552BE500558B6B /* RegistrationDataHolder.swift */,
			);
			path = registration;
			sourceTree = "<group>";
		};
		4C3D27D12853A62700F8FD09 /* bottomSheet */ = {
			isa = PBXGroup;
			children = (
				4C022A49285A465E0043E49D /* PhotoSettingsSheet */,
				4C1458F12855202D00558B6B /* GenderSheet */,
				4C1458EF28547DE600558B6B /* BaseBottomSheet.swift */,
				4C022A552864D3370043E49D /* NotCorrectPhotoBottomSheet.swift */,
			);
			path = bottomSheet;
			sourceTree = "<group>";
		};
		4C8E7D74284CC93F00D6E58D = {
			isa = PBXGroup;
			children = (
				4C8E7D7F284CC93F00D6E58D /* BestDate */,
				4C8E7D7E284CC93F00D6E58D /* Products */,
			);
			sourceTree = "<group>";
		};
		4C8E7D7E284CC93F00D6E58D /* Products */ = {
			isa = PBXGroup;
			children = (
				4C8E7D7D284CC93F00D6E58D /* BestDate.app */,
			);
			name = Products;
			sourceTree = "<group>";
		};
		4C8E7D7F284CC93F00D6E58D /* BestDate */ = {
			isa = PBXGroup;
			children = (
				4C8E7D84284CC94900D6E58D /* Assets.xcassets */,
				4C8E7D80284CC93F00D6E58D /* BestDateApp.swift */,
				4C950D56284E6171004E2C13 /* extensions */,
				4C8E7D91284D1D2900D6E58D /* Fonts */,
				4C950D59284E6C4C004E2C13 /* Info.plist */,
				4C8E7D9D284D20A900D6E58D /* navigation */,
				4C8E7D86284CC94900D6E58D /* Preview Content */,
				4C8E7DA0284D21DA00D6E58D /* redux */,
				4C8E7DA9284D24BC00D6E58D /* screens */,
				4C022A3C28590B600043E49D /* utils */,
				4C8E7D8E284D1C0B00D6E58D /* value */,
				4C8E7DAA284D24C600D6E58D /* views */,
			);
			path = BestDate;
			sourceTree = "<group>";
		};
		4C8E7D86284CC94900D6E58D /* Preview Content */ = {
			isa = PBXGroup;
			children = (
				4C8E7D87284CC94900D6E58D /* Preview Assets.xcassets */,
			);
			path = "Preview Content";
			sourceTree = "<group>";
		};
		4C8E7D8E284D1C0B00D6E58D /* value */ = {
			isa = PBXGroup;
			children = (
				4C8E7D8F284D1C4000D6E58D /* Font.swift */,
				4C8E7D98284D1E7B00D6E58D /* Color.swift */,
				4C8E7D9B284D1F0700D6E58D /* ScreenList.swift */,
				4C0E71E8284FB14A004099D4 /* Localizable.strings */,
				4C3D27CF2853A37F00F8FD09 /* BottomSheetList.swift */,
			);
			path = value;
			sourceTree = "<group>";
		};
		4C8E7D91284D1D2900D6E58D /* Fonts */ = {
			isa = PBXGroup;
			children = (
				4C0E71DC284FAAF3004099D4 /* SansPro_bold.otf */,
				4C0E71DD284FAAF3004099D4 /* SansPro_italic.otf */,
				4C0E71DE284FAAF3004099D4 /* SansPro_regular.otf */,
			);
			path = Fonts;
			sourceTree = "<group>";
		};
		4C8E7D9D284D20A900D6E58D /* navigation */ = {
			isa = PBXGroup;
			children = (
				4C950D60284E78E8004E2C13 /* NavigationView.swift */,
			);
			path = navigation;
			sourceTree = "<group>";
		};
		4C8E7DA0284D21DA00D6E58D /* redux */ = {
			isa = PBXGroup;
			children = (
				4C8E7DA1284D222200D6E58D /* Action.swift */,
				4C8E7DA3284D229B00D6E58D /* AppState.swift */,
				4C8E7DA5284D233100D6E58D /* Reducer.swift */,
				4C8E7DA7284D23D200D6E58D /* Store.swift */,
			);
			path = redux;
			sourceTree = "<group>";
		};
		4C8E7DA9284D24BC00D6E58D /* screens */ = {
			isa = PBXGroup;
			children = (
				4C022A352858ED570043E49D /* profile photo */,
				4C1458FB285660F800558B6B /* recovery */,
				4C1458F82855E15900558B6B /* base */,
				4C3D27C828539BAE00F8FD09 /* registration */,
				4C8E7DAB284D252300D6E58D /* OnboardStartScreen.swift */,
				4C950D5E284E7318004E2C13 /* AuthScreen.swift */,
				4C0E71F0284FC9A5004099D4 /* OnboardSecondScreen.swift */,
				4C1459022856627E00558B6B /* GeolocationScreen.swift */,
				4C1459062857926700558B6B /* SplashScreen.storyboard */,
			);
			path = screens;
			sourceTree = "<group>";
		};
		4C8E7DAA284D24C600D6E58D /* views */ = {
			isa = PBXGroup;
			children = (
				4C022A46285A40700043E49D /* switchSelector */,
				4C3D27D12853A62700F8FD09 /* bottomSheet */,
				4C3D27C1285244B100F8FD09 /* inputs */,
				4C3D27BA28511B9A00F8FD09 /* textViews */,
				4C0E71EB284FB60F004099D4 /* butons */,
				4C3D27BF285120FC00F8FD09 /* SocialView.swift */,
				4C022A3A285903530043E49D /* HorisontalPhotoListView.swift */,
				4C022A4228591A2B0043E49D /* BluredImageHeaderView.swift */,
				4C022A50285F0AF00043E49D /* EdiorView.swift */,
			);
			path = views;
			sourceTree = "<group>";
		};
		4C950D56284E6171004E2C13 /* extensions */ = {
			isa = PBXGroup;
			children = (
				4C950D57284E6194004E2C13 /* Extension.swift */,
			);
			path = extensions;
			sourceTree = "<group>";
		};
/* End PBXGroup section */

/* Begin PBXNativeTarget section */
		4C8E7D7C284CC93F00D6E58D /* BestDate */ = {
			isa = PBXNativeTarget;
			buildConfigurationList = 4C8E7D8B284CC94900D6E58D /* Build configuration list for PBXNativeTarget "BestDate" */;
			buildPhases = (
				4C8E7D79284CC93F00D6E58D /* Sources */,
				4C8E7D7A284CC93F00D6E58D /* Frameworks */,
				4C8E7D7B284CC93F00D6E58D /* Resources */,
			);
			buildRules = (
			);
			dependencies = (
			);
			name = BestDate;
			packageProductDependencies = (
			);
			productName = BestDate;
			productReference = 4C8E7D7D284CC93F00D6E58D /* BestDate.app */;
			productType = "com.apple.product-type.application";
		};
/* End PBXNativeTarget section */

/* Begin PBXProject section */
		4C8E7D75284CC93F00D6E58D /* Project object */ = {
			isa = PBXProject;
			attributes = {
				BuildIndependentTargetsInParallel = 1;
				LastSwiftUpdateCheck = 1340;
				LastUpgradeCheck = 1340;
				TargetAttributes = {
					4C8E7D7C284CC93F00D6E58D = {
						CreatedOnToolsVersion = 13.4;
					};
				};
			};
			buildConfigurationList = 4C8E7D78284CC93F00D6E58D /* Build configuration list for PBXProject "BestDate" */;
			compatibilityVersion = "Xcode 13.0";
			developmentRegion = en;
			hasScannedForEncodings = 0;
			knownRegions = (
				en,
				Base,
			);
			mainGroup = 4C8E7D74284CC93F00D6E58D;
			packageReferences = (
			);
			productRefGroup = 4C8E7D7E284CC93F00D6E58D /* Products */;
			projectDirPath = "";
			projectRoot = "";
			targets = (
				4C8E7D7C284CC93F00D6E58D /* BestDate */,
			);
		};
/* End PBXProject section */

/* Begin PBXResourcesBuildPhase section */
		4C8E7D7B284CC93F00D6E58D /* Resources */ = {
			isa = PBXResourcesBuildPhase;
			buildActionMask = 2147483647;
			files = (
				4C8E7D88284CC94900D6E58D /* Preview Assets.xcassets in Resources */,
				4C0E71E6284FB14A004099D4 /* Localizable.strings in Resources */,
				4C0E71E1284FAAF3004099D4 /* SansPro_regular.otf in Resources */,
				4C0E71DF284FAAF3004099D4 /* SansPro_bold.otf in Resources */,
				4C8E7D85284CC94900D6E58D /* Assets.xcassets in Resources */,
				4C0E71E0284FAAF3004099D4 /* SansPro_italic.otf in Resources */,
				4C1459072857926700558B6B /* SplashScreen.storyboard in Resources */,
			);
			runOnlyForDeploymentPostprocessing = 0;
		};
/* End PBXResourcesBuildPhase section */

/* Begin PBXSourcesBuildPhase section */
		4C8E7D79284CC93F00D6E58D /* Sources */ = {
			isa = PBXSourcesBuildPhase;
			buildActionMask = 2147483647;
			files = (
				4C3D27CE28539CD300F8FD09 /* RegistrationOtpScreen.swift in Sources */,
				4C3D27C3285244F700F8FD09 /* StandardInputView.swift in Sources */,
				4C022A372858EE2B0043E49D /* ProfilePhotoScreen.swift in Sources */,
				4C1458FF285661EA00558B6B /* PassRecoveryOTPScreen.swift in Sources */,
				4C1458F72855C8E900558B6B /* DateSelectView.swift in Sources */,
				4C3D27D02853A37F00F8FD09 /* BottomSheetList.swift in Sources */,
				4C8E7D99284D1E7B00D6E58D /* Color.swift in Sources */,
				4C3D27C528526FA100F8FD09 /* PasswordInputView.swift in Sources */,
				4C1459012856620300558B6B /* PassRecoverySetNewScreen.swift in Sources */,
				4C022A4328591A2B0043E49D /* BluredImageHeaderView.swift in Sources */,
				4C8E7DA2284D222200D6E58D /* Action.swift in Sources */,
				4C3D27B9285110FA00F8FD09 /* StandardButton.swift in Sources */,
				4C145905285664AA00558B6B /* RecoveryDataHolder.swift in Sources */,
				4C8E7DAC284D252300D6E58D /* OnboardStartScreen.swift in Sources */,
				4C3D27BC28511BB700F8FD09 /* Title.swift in Sources */,
				4C022A4128590BE10043E49D /* Media.swift in Sources */,
				4C1458F32855222A00558B6B /* GnderListItem.swift in Sources */,
				4C022A3B285903530043E49D /* HorisontalPhotoListView.swift in Sources */,
				4C022A45285A38920043E49D /* SwichSelectorView.swift in Sources */,
				4C950D63284E7D8B004E2C13 /* TextButton.swift in Sources */,
				4C1458F028547DE600558B6B /* BaseBottomSheet.swift in Sources */,
				4C3D27C72852792000F8FD09 /* SecondStylesTextButton.swift in Sources */,
				4C022A51285F0AF10043E49D /* EdiorView.swift in Sources */,
				4C022A54285F90CC0043E49D /* PhotoViewer.swift in Sources */,
				4C8E7DA6284D233100D6E58D /* Reducer.swift in Sources */,
				4C0E71F1284FC9A6004099D4 /* OnboardSecondScreen.swift in Sources */,
				4C1458F528552BE500558B6B /* RegistrationDataHolder.swift in Sources */,
				4C0E71F3284FCE7C004099D4 /* BackButton.swift in Sources */,
				4C1459032856627E00558B6B /* GeolocationScreen.swift in Sources */,
				4C950D58284E6194004E2C13 /* Extension.swift in Sources */,
				4C3D27D32853A66A00F8FD09 /* GenderBottomSheet.swift in Sources */,
				4C8E7DA8284D23D200D6E58D /* Store.swift in Sources */,
				4C0E71EF284FC394004099D4 /* CircleImageButton.swift in Sources */,
				4C022A4B285A470B0043E49D /* PhotoSettingsBottomSheet.swift in Sources */,
				4C950D5F284E7318004E2C13 /* AuthScreen.swift in Sources */,
				4C022A3F28590B8C0043E49D /* ImagePicker.swift in Sources */,
				4C1458FA2855E17100558B6B /* BaseOTPScreen.swift in Sources */,
				4C3D27BE28511DCA00F8FD09 /* HeaderText.swift in Sources */,
				4C8E7DA4284D229B00D6E58D /* AppState.swift in Sources */,
				4C022A392858EE510043E49D /* PhotoEditingScreen.swift in Sources */,
				4C950D61284E78E8004E2C13 /* NavigationView.swift in Sources */,
				4C0E71ED284FB68E004099D4 /* CirclePointButton.swift in Sources */,
				4C3D27CC28539C8800F8FD09 /* RegistrationContinueScreen.swift in Sources */,
				4C8E7D9C284D1F0700D6E58D /* ScreenList.swift in Sources */,
				4C8E7D81284CC93F00D6E58D /* BestDateApp.swift in Sources */,
				4C022A4D285B7E470043E49D /* PhotoEditorDataHolder.swift in Sources */,
				4C022A48285A409E0043E49D /* SwitchButtonView.swift in Sources */,
				4C8E7D90284D1C4000D6E58D /* Font.swift in Sources */,
				4C3D27CA28539C3500F8FD09 /* RegistrationStartScreen.swift in Sources */,
				4C1458FD285661BF00558B6B /* PassRecoveryScreen.swift in Sources */,
				4C3D27D52853B0B500F8FD09 /* InfoView.swift in Sources */,
				4C3D27C0285120FC00F8FD09 /* SocialView.swift in Sources */,
				4C022A562864D3370043E49D /* NotCorrectPhotoBottomSheet.swift in Sources */,
			);
			runOnlyForDeploymentPostprocessing = 0;
		};
/* End PBXSourcesBuildPhase section */

/* Begin PBXVariantGroup section */
		4C0E71E8284FB14A004099D4 /* Localizable.strings */ = {
			isa = PBXVariantGroup;
			children = (
				4C0E71E7284FB14A004099D4 /* en */,
			);
			name = Localizable.strings;
			sourceTree = "<group>";
		};
/* End PBXVariantGroup section */

/* Begin XCBuildConfiguration section */
		4C8E7D89284CC94900D6E58D /* Debug */ = {
			isa = XCBuildConfiguration;
			buildSettings = {
				ALWAYS_SEARCH_USER_PATHS = NO;
				CLANG_ANALYZER_NONNULL = YES;
				CLANG_ANALYZER_NUMBER_OBJECT_CONVERSION = YES_AGGRESSIVE;
				CLANG_CXX_LANGUAGE_STANDARD = "gnu++17";
				CLANG_ENABLE_MODULES = YES;
				CLANG_ENABLE_OBJC_ARC = YES;
				CLANG_ENABLE_OBJC_WEAK = YES;
				CLANG_WARN_BLOCK_CAPTURE_AUTORELEASING = YES;
				CLANG_WARN_BOOL_CONVERSION = YES;
				CLANG_WARN_COMMA = YES;
				CLANG_WARN_CONSTANT_CONVERSION = YES;
				CLANG_WARN_DEPRECATED_OBJC_IMPLEMENTATIONS = YES;
				CLANG_WARN_DIRECT_OBJC_ISA_USAGE = YES_ERROR;
				CLANG_WARN_DOCUMENTATION_COMMENTS = YES;
				CLANG_WARN_EMPTY_BODY = YES;
				CLANG_WARN_ENUM_CONVERSION = YES;
				CLANG_WARN_INFINITE_RECURSION = YES;
				CLANG_WARN_INT_CONVERSION = YES;
				CLANG_WARN_NON_LITERAL_NULL_CONVERSION = YES;
				CLANG_WARN_OBJC_IMPLICIT_RETAIN_SELF = YES;
				CLANG_WARN_OBJC_LITERAL_CONVERSION = YES;
				CLANG_WARN_OBJC_ROOT_CLASS = YES_ERROR;
				CLANG_WARN_QUOTED_INCLUDE_IN_FRAMEWORK_HEADER = YES;
				CLANG_WARN_RANGE_LOOP_ANALYSIS = YES;
				CLANG_WARN_STRICT_PROTOTYPES = YES;
				CLANG_WARN_SUSPICIOUS_MOVE = YES;
				CLANG_WARN_UNGUARDED_AVAILABILITY = YES_AGGRESSIVE;
				CLANG_WARN_UNREACHABLE_CODE = YES;
				CLANG_WARN__DUPLICATE_METHOD_MATCH = YES;
				COPY_PHASE_STRIP = NO;
				DEBUG_INFORMATION_FORMAT = dwarf;
				ENABLE_STRICT_OBJC_MSGSEND = YES;
				ENABLE_TESTABILITY = YES;
				GCC_C_LANGUAGE_STANDARD = gnu11;
				GCC_DYNAMIC_NO_PIC = NO;
				GCC_NO_COMMON_BLOCKS = YES;
				GCC_OPTIMIZATION_LEVEL = 0;
				GCC_PREPROCESSOR_DEFINITIONS = (
					"DEBUG=1",
					"$(inherited)",
				);
				GCC_WARN_64_TO_32_BIT_CONVERSION = YES;
				GCC_WARN_ABOUT_RETURN_TYPE = YES_ERROR;
				GCC_WARN_UNDECLARED_SELECTOR = YES;
				GCC_WARN_UNINITIALIZED_AUTOS = YES_AGGRESSIVE;
				GCC_WARN_UNUSED_FUNCTION = YES;
				GCC_WARN_UNUSED_VARIABLE = YES;
				IPHONEOS_DEPLOYMENT_TARGET = 15.5;
				MTL_ENABLE_DEBUG_INFO = INCLUDE_SOURCE;
				MTL_FAST_MATH = YES;
				ONLY_ACTIVE_ARCH = YES;
				SDKROOT = iphoneos;
				SWIFT_ACTIVE_COMPILATION_CONDITIONS = DEBUG;
				SWIFT_OPTIMIZATION_LEVEL = "-Onone";
			};
			name = Debug;
		};
		4C8E7D8A284CC94900D6E58D /* Release */ = {
			isa = XCBuildConfiguration;
			buildSettings = {
				ALWAYS_SEARCH_USER_PATHS = NO;
				CLANG_ANALYZER_NONNULL = YES;
				CLANG_ANALYZER_NUMBER_OBJECT_CONVERSION = YES_AGGRESSIVE;
				CLANG_CXX_LANGUAGE_STANDARD = "gnu++17";
				CLANG_ENABLE_MODULES = YES;
				CLANG_ENABLE_OBJC_ARC = YES;
				CLANG_ENABLE_OBJC_WEAK = YES;
				CLANG_WARN_BLOCK_CAPTURE_AUTORELEASING = YES;
				CLANG_WARN_BOOL_CONVERSION = YES;
				CLANG_WARN_COMMA = YES;
				CLANG_WARN_CONSTANT_CONVERSION = YES;
				CLANG_WARN_DEPRECATED_OBJC_IMPLEMENTATIONS = YES;
				CLANG_WARN_DIRECT_OBJC_ISA_USAGE = YES_ERROR;
				CLANG_WARN_DOCUMENTATION_COMMENTS = YES;
				CLANG_WARN_EMPTY_BODY = YES;
				CLANG_WARN_ENUM_CONVERSION = YES;
				CLANG_WARN_INFINITE_RECURSION = YES;
				CLANG_WARN_INT_CONVERSION = YES;
				CLANG_WARN_NON_LITERAL_NULL_CONVERSION = YES;
				CLANG_WARN_OBJC_IMPLICIT_RETAIN_SELF = YES;
				CLANG_WARN_OBJC_LITERAL_CONVERSION = YES;
				CLANG_WARN_OBJC_ROOT_CLASS = YES_ERROR;
				CLANG_WARN_QUOTED_INCLUDE_IN_FRAMEWORK_HEADER = YES;
				CLANG_WARN_RANGE_LOOP_ANALYSIS = YES;
				CLANG_WARN_STRICT_PROTOTYPES = YES;
				CLANG_WARN_SUSPICIOUS_MOVE = YES;
				CLANG_WARN_UNGUARDED_AVAILABILITY = YES_AGGRESSIVE;
				CLANG_WARN_UNREACHABLE_CODE = YES;
				CLANG_WARN__DUPLICATE_METHOD_MATCH = YES;
				COPY_PHASE_STRIP = NO;
				DEBUG_INFORMATION_FORMAT = "dwarf-with-dsym";
				ENABLE_NS_ASSERTIONS = NO;
				ENABLE_STRICT_OBJC_MSGSEND = YES;
				GCC_C_LANGUAGE_STANDARD = gnu11;
				GCC_NO_COMMON_BLOCKS = YES;
				GCC_WARN_64_TO_32_BIT_CONVERSION = YES;
				GCC_WARN_ABOUT_RETURN_TYPE = YES_ERROR;
				GCC_WARN_UNDECLARED_SELECTOR = YES;
				GCC_WARN_UNINITIALIZED_AUTOS = YES_AGGRESSIVE;
				GCC_WARN_UNUSED_FUNCTION = YES;
				GCC_WARN_UNUSED_VARIABLE = YES;
				IPHONEOS_DEPLOYMENT_TARGET = 15.5;
				MTL_ENABLE_DEBUG_INFO = NO;
				MTL_FAST_MATH = YES;
				SDKROOT = iphoneos;
				SWIFT_COMPILATION_MODE = wholemodule;
				SWIFT_OPTIMIZATION_LEVEL = "-O";
				VALIDATE_PRODUCT = YES;
			};
			name = Release;
		};
		4C8E7D8C284CC94900D6E58D /* Debug */ = {
			isa = XCBuildConfiguration;
			buildSettings = {
				ASSETCATALOG_COMPILER_APPICON_NAME = AppIcon;
				ASSETCATALOG_COMPILER_GLOBAL_ACCENT_COLOR_NAME = AccentColor;
				CODE_SIGN_STYLE = Automatic;
				CURRENT_PROJECT_VERSION = 1;
				DEVELOPMENT_ASSET_PATHS = "\"BestDate/Preview Content\"";
				DEVELOPMENT_TEAM = 7869H74LP9;
				ENABLE_PREVIEWS = YES;
				GENERATE_INFOPLIST_FILE = YES;
				INFOPLIST_FILE = BestDate/Info.plist;
				INFOPLIST_KEY_CFBundleDisplayName = "Best date";
				INFOPLIST_KEY_LSApplicationCategoryType = "";
				INFOPLIST_KEY_UIApplicationSceneManifest_Generation = YES;
				INFOPLIST_KEY_UIApplicationSupportsIndirectInputEvents = YES;
				INFOPLIST_KEY_UILaunchScreen_Generation = YES;
				INFOPLIST_KEY_UILaunchStoryboardName = SplashScreen;
				INFOPLIST_KEY_UIStatusBarHidden = NO;
				INFOPLIST_KEY_UISupportedInterfaceOrientations = UIInterfaceOrientationPortrait;
				INFOPLIST_KEY_UISupportedInterfaceOrientations_iPad = "UIInterfaceOrientationPortrait UIInterfaceOrientationPortraitUpsideDown UIInterfaceOrientationLandscapeLeft UIInterfaceOrientationLandscapeRight";
				INFOPLIST_KEY_UISupportedInterfaceOrientations_iPhone = "UIInterfaceOrientationPortrait UIInterfaceOrientationLandscapeLeft UIInterfaceOrientationLandscapeRight";
				LD_RUNPATH_SEARCH_PATHS = (
					"$(inherited)",
					"@executable_path/Frameworks",
				);
				MARKETING_VERSION = 1.0;
				PRODUCT_BUNDLE_IDENTIFIER = com.BestDate;
				PRODUCT_NAME = "$(TARGET_NAME)";
				SWIFT_EMIT_LOC_STRINGS = YES;
				SWIFT_VERSION = 5.0;
				TARGETED_DEVICE_FAMILY = 1;
			};
			name = Debug;
		};
		4C8E7D8D284CC94900D6E58D /* Release */ = {
			isa = XCBuildConfiguration;
			buildSettings = {
				ASSETCATALOG_COMPILER_APPICON_NAME = AppIcon;
				ASSETCATALOG_COMPILER_GLOBAL_ACCENT_COLOR_NAME = AccentColor;
				CODE_SIGN_STYLE = Automatic;
				CURRENT_PROJECT_VERSION = 1;
				DEVELOPMENT_ASSET_PATHS = "\"BestDate/Preview Content\"";
				DEVELOPMENT_TEAM = 7869H74LP9;
				ENABLE_PREVIEWS = YES;
				GENERATE_INFOPLIST_FILE = YES;
				INFOPLIST_FILE = BestDate/Info.plist;
				INFOPLIST_KEY_CFBundleDisplayName = "Best date";
				INFOPLIST_KEY_LSApplicationCategoryType = "";
				INFOPLIST_KEY_UIApplicationSceneManifest_Generation = YES;
				INFOPLIST_KEY_UIApplicationSupportsIndirectInputEvents = YES;
				INFOPLIST_KEY_UILaunchScreen_Generation = YES;
				INFOPLIST_KEY_UILaunchStoryboardName = SplashScreen;
				INFOPLIST_KEY_UIStatusBarHidden = NO;
				INFOPLIST_KEY_UISupportedInterfaceOrientations = UIInterfaceOrientationPortrait;
				INFOPLIST_KEY_UISupportedInterfaceOrientations_iPad = "UIInterfaceOrientationPortrait UIInterfaceOrientationPortraitUpsideDown UIInterfaceOrientationLandscapeLeft UIInterfaceOrientationLandscapeRight";
				INFOPLIST_KEY_UISupportedInterfaceOrientations_iPhone = "UIInterfaceOrientationPortrait UIInterfaceOrientationLandscapeLeft UIInterfaceOrientationLandscapeRight";
				LD_RUNPATH_SEARCH_PATHS = (
					"$(inherited)",
					"@executable_path/Frameworks",
				);
				MARKETING_VERSION = 1.0;
				PRODUCT_BUNDLE_IDENTIFIER = com.BestDate;
				PRODUCT_NAME = "$(TARGET_NAME)";
				SWIFT_EMIT_LOC_STRINGS = YES;
				SWIFT_VERSION = 5.0;
				TARGETED_DEVICE_FAMILY = 1;
			};
			name = Release;
		};
/* End XCBuildConfiguration section */

/* Begin XCConfigurationList section */
		4C8E7D78284CC93F00D6E58D /* Build configuration list for PBXProject "BestDate" */ = {
			isa = XCConfigurationList;
			buildConfigurations = (
				4C8E7D89284CC94900D6E58D /* Debug */,
				4C8E7D8A284CC94900D6E58D /* Release */,
			);
			defaultConfigurationIsVisible = 0;
			defaultConfigurationName = Release;
		};
		4C8E7D8B284CC94900D6E58D /* Build configuration list for PBXNativeTarget "BestDate" */ = {
			isa = XCConfigurationList;
			buildConfigurations = (
				4C8E7D8C284CC94900D6E58D /* Debug */,
				4C8E7D8D284CC94900D6E58D /* Release */,
			);
			defaultConfigurationIsVisible = 0;
			defaultConfigurationName = Release;
		};
/* End XCConfigurationList section */
	};
	rootObject = 4C8E7D75284CC93F00D6E58D /* Project object */;
}
